// !$*UTF8*$!
{
	archiveVersion = 1;
	classes = {
	};
	objectVersion = 77;
	objects = {

/* Begin PBXBuildFile section */
		00C7C146433E26EB1C11C807 /* DateRelativeFormatTests.swift in Sources */ = {isa = PBXBuildFile; fileRef = 4216C4C03920C144A6453AAA /* DateRelativeFormatTests.swift */; };
		015725AEB3789BF062FCD1AD /* SearchViewModel.swift in Sources */ = {isa = PBXBuildFile; fileRef = 2E373DB9D77990404C0F5AAB /* SearchViewModel.swift */; };
		018799BBD8B0E6C059F8AAC1 /* Date+RelativeFormat.swift in Sources */ = {isa = PBXBuildFile; fileRef = 6D7667B92B7C015356B030F8 /* Date+RelativeFormat.swift */; };
		05B83BAD8637E96BD57DF0DC /* CodeBlockView.swift in Sources */ = {isa = PBXBuildFile; fileRef = CCCA910CD906C5CD07B76226 /* CodeBlockView.swift */; };
		06562C0449E24B52CC26DA06 /* Article.swift in Sources */ = {isa = PBXBuildFile; fileRef = AF1772655ED28449F93C0F22 /* Article.swift */; };
		073D9155046C152B31925F92 /* Article.swift in Sources */ = {isa = PBXBuildFile; fileRef = AF1772655ED28449F93C0F22 /* Article.swift */; };
		08FD0FFA5E94D6EE8DBA8619 /* FTS5SearchManagerQueryTests.swift in Sources */ = {isa = PBXBuildFile; fileRef = 1B2B9FA9B03C15A89D34F796 /* FTS5SearchManagerQueryTests.swift */; };
		0934A246EE8C385420BE7F4D /* MockDataFactoryTests.swift in Sources */ = {isa = PBXBuildFile; fileRef = 2B684C5506B2386577EBB864 /* MockDataFactoryTests.swift */; };
		0E95A317369F19B9F3EF4316 /* KeyChainManager.swift in Sources */ = {isa = PBXBuildFile; fileRef = FCCBE095E508C7DA1DB8CD81 /* KeyChainManager.swift */; };
		0EE77D1C57EAC172FDA4D21C /* ReaderViewModelProgressTests.swift in Sources */ = {isa = PBXBuildFile; fileRef = E97E445CCFB8607C347E9907 /* ReaderViewModelProgressTests.swift */; };
		12E7039FF19AB72091BE5F9E /* FolioButton.swift in Sources */ = {isa = PBXBuildFile; fileRef = BD0B7D8133F4B50289FEFB75 /* FolioButton.swift */; };
		1397296F66027078195997BA /* Spacing.swift in Sources */ = {isa = PBXBuildFile; fileRef = AA1FAF40CAE7C1C5DE1346CF /* Spacing.swift */; };
		15AEC919BFC574F863C3D0D0 /* Color+Folio.swift in Sources */ = {isa = PBXBuildFile; fileRef = 169A0B494F30137A1EB80458 /* Color+Folio.swift */; };
		18EBA37DC442DCF0B26FB210 /* UIComponentTests.swift in Sources */ = {isa = PBXBuildFile; fileRef = 2C4278242512E2D2CE54A080 /* UIComponentTests.swift */; };
		19354F549EAB77483542F264 /* Spacing.swift in Sources */ = {isa = PBXBuildFile; fileRef = AA1FAF40CAE7C1C5DE1346CF /* Spacing.swift */; };
		2047E4EFF6DEE16C5C918168 /* TagRepositoryTests.swift in Sources */ = {isa = PBXBuildFile; fileRef = 7D2984F5A4CD88647D15D56D /* TagRepositoryTests.swift */; };
		262F73093B1C8E9406AF514E /* KeychainAccess in Frameworks */ = {isa = PBXBuildFile; productRef = D1AD63A300383F049533808C /* KeychainAccess */; };
		289CA4861950E605E44908B8 /* MarkdownRendererTests.swift in Sources */ = {isa = PBXBuildFile; fileRef = BFF29B7B9F12CD2807CB2590 /* MarkdownRendererTests.swift */; };
		2A57FC66DB63B4308B046B67 /* FTS5SearchManager.swift in Sources */ = {isa = PBXBuildFile; fileRef = 6F3C268731DCB6CF9682D76F /* FTS5SearchManager.swift */; };
		2B2FC8B74FA4FC831AFABE56 /* SearchResultRow.swift in Sources */ = {isa = PBXBuildFile; fileRef = C1CF36A18455EBEE914D8516 /* SearchResultRow.swift */; };
		321AC41EC14FAE3B6A15F031 /* ReadingPreferenceTests.swift in Sources */ = {isa = PBXBuildFile; fileRef = 4FC23CD3192062DC98AC6E3A /* ReadingPreferenceTests.swift */; };
		394C04342086169BE5F88C2F /* TypographyTests.swift in Sources */ = {isa = PBXBuildFile; fileRef = 3DAF903DE4A88322BFC3BF05 /* TypographyTests.swift */; };
		39DA0FA67B570EAE11E96675 /* ReadingFontFamily.swift in Sources */ = {isa = PBXBuildFile; fileRef = 5F1CE534E4841B018C1B9B69 /* ReadingFontFamily.swift */; };
		3C72E5A510580466DA7D6701 /* SharedDataManagerTests.swift in Sources */ = {isa = PBXBuildFile; fileRef = 753C7145168AAEC4143FA1C0 /* SharedDataManagerTests.swift */; };
		3E810F0AAB4788861CBE1DCA /* CategoryRepositoryTests.swift in Sources */ = {isa = PBXBuildFile; fileRef = 117C69065C4BFC1C68EB1C00 /* CategoryRepositoryTests.swift */; };
		40BB68E32A494A4587A3EA30 /* WebViewContainer.swift in Sources */ = {isa = PBXBuildFile; fileRef = 9296E1AEFF3D3F283AECE651 /* WebViewContainer.swift */; };
		41C619474F62096741A991AA /* Assets.xcassets in Resources */ = {isa = PBXBuildFile; fileRef = 24DDA8F196ACFB043EA613E8 /* Assets.xcassets */; };
		435993C74DA5BD92F9356E23 /* Tag.swift in Sources */ = {isa = PBXBuildFile; fileRef = DAB03DB08F0EA3FE4B5EFDF2 /* Tag.swift */; };
		507FD0D0AACFBAF5160E8DA0 /* ShareViewController.swift in Sources */ = {isa = PBXBuildFile; fileRef = 17799D4B4BF31ECDFD409532 /* ShareViewController.swift */; };
		5477C797109972B7DF15E4C3 /* Localizable.xcstrings in Resources */ = {isa = PBXBuildFile; fileRef = BA5436DFCCF18BD94C6B09B4 /* Localizable.xcstrings */; };
		572C7C646CE7316D8C6EB0F3 /* QuotaCheckTests.swift in Sources */ = {isa = PBXBuildFile; fileRef = 4D34AADE7B610BF96EAEEC32 /* QuotaCheckTests.swift */; };
		5D66D20231FB94CF147E9066 /* Markdown in Frameworks */ = {isa = PBXBuildFile; productRef = D1A09DA691F886B661C41C00 /* Markdown */; };
		61E701A260228D4DF3C99A95 /* SignInView.swift in Sources */ = {isa = PBXBuildFile; fileRef = 8D3662CC8FF7499BC1DE398A /* SignInView.swift */; };
		61F047BA87A4B8C7B5D7E1BF /* SettingsView.swift in Sources */ = {isa = PBXBuildFile; fileRef = 038F6646ADD8458003F5D777 /* SettingsView.swift */; };
		62E807598BFBBC52B4C969C5 /* StatusBadge.swift in Sources */ = {isa = PBXBuildFile; fileRef = B69A9BD46B89BDE970E0AC6E /* StatusBadge.swift */; };
		63AC4562353FCD588C5139C2 /* CornerRadius.swift in Sources */ = {isa = PBXBuildFile; fileRef = 4D21B5897AD7898900B99FAA /* CornerRadius.swift */; };
		648FBAD05847A2B4EECD732F /* Repository.swift in Sources */ = {isa = PBXBuildFile; fileRef = 8A5422E7CBF3F7DDF13B0F67 /* Repository.swift */; };
		66E60685439709C7F43B81AA /* ColorTests.swift in Sources */ = {isa = PBXBuildFile; fileRef = 27141035F0C9F338F79090D3 /* ColorTests.swift */; };
		67218B17609FBC25A8D75D5D /* TagChip.swift in Sources */ = {isa = PBXBuildFile; fileRef = 0C717CA8AAEB7479E6E52A73 /* TagChip.swift */; };
		67CCE0A5B8A3B6D30755169C /* Nuke in Frameworks */ = {isa = PBXBuildFile; productRef = 6980B973DA26CCDC8F0DE1D4 /* Nuke */; };
		6C810F7B77F471363DF88E0B /* InfoPlist.xcstrings in Resources */ = {isa = PBXBuildFile; fileRef = 06B9207BA6881145763FE76E /* InfoPlist.xcstrings */; };
		6E96D9DBA39C8E82A13DD5C6 /* HomeViewModel.swift in Sources */ = {isa = PBXBuildFile; fileRef = 535A40C8A5E5036399F1E139 /* HomeViewModel.swift */; };
		6F61B75E532B1F84F5B2E6AB /* UseCases.swift in Sources */ = {isa = PBXBuildFile; fileRef = 16DD7BE48D5B9843683D10DF /* UseCases.swift */; };
		700EBAE0A4FF2CEB48DAEC19 /* ArticleRepository.swift in Sources */ = {isa = PBXBuildFile; fileRef = 31E66A5792F8833A91D7C787 /* ArticleRepository.swift */; };
		70943084036581B7D2366FAD /* Color+Folio.swift in Sources */ = {isa = PBXBuildFile; fileRef = 169A0B494F30137A1EB80458 /* Color+Folio.swift */; };
		72153227A49357BAA1A4CB07 /* APIClientTests.swift in Sources */ = {isa = PBXBuildFile; fileRef = DD2D05CDF427ADD1FE47D576 /* APIClientTests.swift */; };
		77D34BE4A927470C4161008D /* Category.swift in Sources */ = {isa = PBXBuildFile; fileRef = A1F05970EB8BBD7890F0F92A /* Category.swift */; };
		794E62241C62BBFC7882B0C3 /* Typography.swift in Sources */ = {isa = PBXBuildFile; fileRef = CF21EED2AB8D7E9F2F02E548 /* Typography.swift */; };
		7C16CBD9C0E2B5C34F021C0A /* FTS5SearchManagerIndexTests.swift in Sources */ = {isa = PBXBuildFile; fileRef = 07E52114D51C3A692D2C8E2D /* FTS5SearchManagerIndexTests.swift */; };
		84767D2474A29139FAF55246 /* TagRepository.swift in Sources */ = {isa = PBXBuildFile; fileRef = D6C2A1974950C9788806AFCA /* TagRepository.swift */; };
		860A1F57BC5A89FA11024E6E /* CompactShareView.swift in Sources */ = {isa = PBXBuildFile; fileRef = A188A06C3CDE3BAF608F9539 /* CompactShareView.swift */; };
		86C97AE5DD0FE6C736226A7D /* TableView.swift in Sources */ = {isa = PBXBuildFile; fileRef = F053C691B9E245B268D15251 /* TableView.swift */; };
		88244A394FF61FC79EB30654 /* EmptyStateView.swift in Sources */ = {isa = PBXBuildFile; fileRef = B5ADE29C550B453BA853DDFD /* EmptyStateView.swift */; };
		9773A9A2C36B7C8F633B7A5A /* Network.swift in Sources */ = {isa = PBXBuildFile; fileRef = DA462B3A514B4A01D6C1E505 /* Network.swift */; };
		9FA72A62E401352AEFA10DAF /* OfflineQueueManagerTests.swift in Sources */ = {isa = PBXBuildFile; fileRef = 3B06AAD8993752CE10A6758F /* OfflineQueueManagerTests.swift */; };
		9FAA5E0EC9B2C935FBDEE951 /* ReaderViewModel.swift in Sources */ = {isa = PBXBuildFile; fileRef = 6BC31BD29ACB398C09476D77 /* ReaderViewModel.swift */; };
		A117B50DABEB97BBED1C50E0 /* HomeView.swift in Sources */ = {isa = PBXBuildFile; fileRef = 92ED4253BB778A67007D44F9 /* HomeView.swift */; };
		A64A9F8723F23F66269D19C0 /* ReaderViewModelTests.swift in Sources */ = {isa = PBXBuildFile; fileRef = 7FF9CAB5F865B73864CBB8D0 /* ReaderViewModelTests.swift */; };
		A6593D6CB77842B9EF6B6C89 /* TagFilterView.swift in Sources */ = {isa = PBXBuildFile; fileRef = F56A0C9DFE738DA06C1C7A8A /* TagFilterView.swift */; };
		AD7F210489B58CDDA1A59D10 /* Category.swift in Sources */ = {isa = PBXBuildFile; fileRef = A1F05970EB8BBD7890F0F92A /* Category.swift */; };
		AE71CDA974E9564AE40D425F /* ArticleModelTests.swift in Sources */ = {isa = PBXBuildFile; fileRef = FD061D3F91DA585D2D12B2A1 /* ArticleModelTests.swift */; };
		AF496B39DFC8253B5A33DD31 /* ArticleCardView.swift in Sources */ = {isa = PBXBuildFile; fileRef = D17221CFE5B385D12B44C562 /* ArticleCardView.swift */; };
		B21C3B1391C44DA3DAD5C600 /* DataManager.swift in Sources */ = {isa = PBXBuildFile; fileRef = C5BBCF93626F7CCCD8B69BA5 /* DataManager.swift */; };
		B298BE141564E450A16CB5FD /* MockDataFactory.swift in Sources */ = {isa = PBXBuildFile; fileRef = 349AB0BC3C6766D21B01FF09 /* MockDataFactory.swift */; };
		B5735DBA3B37611ADABC06A2 /* HomeViewModelTagFilterTests.swift in Sources */ = {isa = PBXBuildFile; fileRef = 5290C3ADECCDDBC753EB1F59 /* HomeViewModelTagFilterTests.swift */; };
		B589D7C031675E6E6AAF8D65 /* NukeUI in Frameworks */ = {isa = PBXBuildFile; productRef = FD87CB5271A7E5119E665A37 /* NukeUI */; };
		B5B5BB7C1E320260DD4A3823 /* ReadingFontFamily.swift in Sources */ = {isa = PBXBuildFile; fileRef = 5F1CE534E4841B018C1B9B69 /* ReadingFontFamily.swift */; };
		B6277342ECA7718F9BF64446 /* PermissionView.swift in Sources */ = {isa = PBXBuildFile; fileRef = B003CD5B3B9D3B96662F2542 /* PermissionView.swift */; };
		B6ADB5796E64EF2F629B917F /* FolioApp.swift in Sources */ = {isa = PBXBuildFile; fileRef = ED4556A712E7A2B56DE80CBD /* FolioApp.swift */; };
		B78BB948FAE128379413D974 /* OfflineQueueManager.swift in Sources */ = {isa = PBXBuildFile; fileRef = 6D5FD400A66F26A1CB323587 /* OfflineQueueManager.swift */; };
		B8F5BF293487C547F6118885 /* CategoryFilterBar.swift in Sources */ = {isa = PBXBuildFile; fileRef = EC31BB3C23FF28164692560C /* CategoryFilterBar.swift */; };
		B9B58FA5003BFB6B76FD96AF /* ShareExtension.appex in Embed Foundation Extensions */ = {isa = PBXBuildFile; fileRef = B03A2CB21E64374769E892C7 /* ShareExtension.appex */; settings = {ATTRIBUTES = (RemoveHeadersOnCopy, ); }; };
		B9D385671912D45458154F8B /* SearchIndex.swift in Sources */ = {isa = PBXBuildFile; fileRef = CF132C57898D7B679B9B3313 /* SearchIndex.swift */; };
		B9F128C6B0D526006265A760 /* Tag.swift in Sources */ = {isa = PBXBuildFile; fileRef = DAB03DB08F0EA3FE4B5EFDF2 /* Tag.swift */; };
		BB5886321294CC35D148A494 /* OnboardingView.swift in Sources */ = {isa = PBXBuildFile; fileRef = AE27C5D99131B29D41A1CFAB /* OnboardingView.swift */; };
		BD3996738CC24C99C3B94BA0 /* ReadingPreferenceView.swift in Sources */ = {isa = PBXBuildFile; fileRef = ECD2709338C4BA3D19ECADD7 /* ReadingPreferenceView.swift */; };
		BDAFCBA9BC0BC6FECDB3E8F6 /* Typography.swift in Sources */ = {isa = PBXBuildFile; fileRef = CF21EED2AB8D7E9F2F02E548 /* Typography.swift */; };
		C22B5A483F07BD23C3E5FCE8 /* SyncServiceTests.swift in Sources */ = {isa = PBXBuildFile; fileRef = FA20DC780693B28FCC8A1D33 /* SyncServiceTests.swift */; };
		C3B203174071C80D02740DD2 /* HomeViewModelTests.swift in Sources */ = {isa = PBXBuildFile; fileRef = E016EA57FC3158AFDE32DF30 /* HomeViewModelTests.swift */; };
		C3BC5AB5CDA640F83463A44D /* SwiftDataStore.swift in Sources */ = {isa = PBXBuildFile; fileRef = 91C69730FFB93189129A45BC /* SwiftDataStore.swift */; };
		C4A02918A0333DF425D313D2 /* SharedDataManager.swift in Sources */ = {isa = PBXBuildFile; fileRef = 0E012CBB7734D7150DE83121 /* SharedDataManager.swift */; };
		C56D1A745685B3B2C2F647C6 /* SpacingTests.swift in Sources */ = {isa = PBXBuildFile; fileRef = 71A2352C6035EB5F5B3C61B2 /* SpacingTests.swift */; };
		C6FDC12B2471ECF8CEA42F8D /* FolioButton.swift in Sources */ = {isa = PBXBuildFile; fileRef = BD0B7D8133F4B50289FEFB75 /* FolioButton.swift */; };
		C7CDB713E1071005C9240126 /* KeyChainManagerTests.swift in Sources */ = {isa = PBXBuildFile; fileRef = EE1B40D5816A95E44405EEE7 /* KeyChainManagerTests.swift */; };
		C9148B1EF186601AD82B2C2B /* CategoryRepository.swift in Sources */ = {isa = PBXBuildFile; fileRef = 5635A7731AD578E00D68E228 /* CategoryRepository.swift */; };
		CF0B21BA3EE08B5A7D5891E6 /* ImageView.swift in Sources */ = {isa = PBXBuildFile; fileRef = 3FD52F9166CCEFFF5C189276 /* ImageView.swift */; };
		CF6F826A3CBA993B2DBA6DED /* Models.swift in Sources */ = {isa = PBXBuildFile; fileRef = 6BC1DD47CA4777C0208F99F8 /* Models.swift */; };
		D1616228CC0A5A3B07FEFD58 /* ArticleRepositoryTests.swift in Sources */ = {isa = PBXBuildFile; fileRef = 97448BBF5D1E4557D102E6E1 /* ArticleRepositoryTests.swift */; };
		D64452371814291D07013630 /* OnboardingPage.swift in Sources */ = {isa = PBXBuildFile; fileRef = 9F561B5821A5D2E5B7C02ED6 /* OnboardingPage.swift */; };
		D6B335250D1CC0F6C6D04C89 /* MainTabView.swift in Sources */ = {isa = PBXBuildFile; fileRef = 495BDA963D79288EC295DA9B /* MainTabView.swift */; };
		DF4E707DA562FA1AE4722F8D /* SyncService.swift in Sources */ = {isa = PBXBuildFile; fileRef = 275619E05D7C8FE0DDE936F8 /* SyncService.swift */; };
		E2F1711128DB8E144C13A374 /* FlowLayout.swift in Sources */ = {isa = PBXBuildFile; fileRef = 7861C8ADE901E7621567A32A /* FlowLayout.swift */; };
		E4A35B6BC54591B02708D023 /* DataManager.swift in Sources */ = {isa = PBXBuildFile; fileRef = C5BBCF93626F7CCCD8B69BA5 /* DataManager.swift */; };
		E7594ACF993B08F9EF435CC8 /* HomeViewModelFilterTests.swift in Sources */ = {isa = PBXBuildFile; fileRef = 64E1773C35E610BA822C8E22 /* HomeViewModelFilterTests.swift */; };
		E762FA0AF166288CB6B6F45B /* MarkdownRenderer.swift in Sources */ = {isa = PBXBuildFile; fileRef = F646F1377FEE790175386A86 /* MarkdownRenderer.swift */; };
		E9ED33DEEF39FFDD463B853F /* DTOMapping.swift in Sources */ = {isa = PBXBuildFile; fileRef = EEF6FFA4CC940CD607F20646 /* DTOMapping.swift */; };
		EA40DF240CFD542AF3D3EEC8 /* CornerRadius.swift in Sources */ = {isa = PBXBuildFile; fileRef = 4D21B5897AD7898900B99FAA /* CornerRadius.swift */; };
		EB54FB9BD209AD2F7A03E6D4 /* SearchViewModelTests.swift in Sources */ = {isa = PBXBuildFile; fileRef = 2B214C4940B98BA754FED8A6 /* SearchViewModelTests.swift */; };
		EDF3F8A2FB9F7FAAD1566577 /* AppDelegate.swift in Sources */ = {isa = PBXBuildFile; fileRef = 4262FBCFBF74F063C7B2307A /* AppDelegate.swift */; };
		F340ECC4F9BFF6F5EA1B74EB /* ToastView.swift in Sources */ = {isa = PBXBuildFile; fileRef = 093066FDA4B62ED98824E50B /* ToastView.swift */; };
		F342756FA9C74A480F5FE1C0 /* AuthViewModel.swift in Sources */ = {isa = PBXBuildFile; fileRef = ADFD33753883AEEB6B1BA822 /* AuthViewModel.swift */; };
		F4A60D914B398D40E02A559F /* Models.swift in Sources */ = {isa = PBXBuildFile; fileRef = 6BC1DD47CA4777C0208F99F8 /* Models.swift */; };
		F5B624B3C113D8905C2DF348 /* ImageViewerOverlay.swift in Sources */ = {isa = PBXBuildFile; fileRef = 856356967CB852BD68D53012 /* ImageViewerOverlay.swift */; };
		F5BE0ECDAAACF5B2E049067E /* ArticleMetaInfoView.swift in Sources */ = {isa = PBXBuildFile; fileRef = A6B33B32B6B5CC8C97CF5594 /* ArticleMetaInfoView.swift */; };
		F69CFDB26E1EE62ABEF009E6 /* SharedDataManager.swift in Sources */ = {isa = PBXBuildFile; fileRef = 0E012CBB7734D7150DE83121 /* SharedDataManager.swift */; };
		F711DBC96F752E6A7156934B /* ReaderView.swift in Sources */ = {isa = PBXBuildFile; fileRef = D3895BDC8F0D382B020B65FC /* ReaderView.swift */; };
		F94D8215A1CB7DA4F11A2978 /* DTOMappingTests.swift in Sources */ = {isa = PBXBuildFile; fileRef = B2075F1EB1B542E31ACDC680 /* DTOMappingTests.swift */; };
		FEE253F7581AAE209F8E36D7 /* DataManagerTests.swift in Sources */ = {isa = PBXBuildFile; fileRef = FAB12E81162EBFF3804FA474 /* DataManagerTests.swift */; };
/* End PBXBuildFile section */

/* Begin PBXContainerItemProxy section */
		BB69CA264721AA11C853651D /* PBXContainerItemProxy */ = {
			isa = PBXContainerItemProxy;
			containerPortal = 383A8F7C70F35B855AA13D98 /* Project object */;
			proxyType = 1;
			remoteGlobalIDString = 04E14628581FD2303F7B4A04;
			remoteInfo = ShareExtension;
		};
		D3324344F318CB5AD9CFD593 /* PBXContainerItemProxy */ = {
			isa = PBXContainerItemProxy;
			containerPortal = 383A8F7C70F35B855AA13D98 /* Project object */;
			proxyType = 1;
			remoteGlobalIDString = 0C56AF64BE26DB444D566E60;
			remoteInfo = Folio;
		};
/* End PBXContainerItemProxy section */

/* Begin PBXCopyFilesBuildPhase section */
		1EC4B01E99A3DD20DEFE6BEC /* Embed Foundation Extensions */ = {
			isa = PBXCopyFilesBuildPhase;
			buildActionMask = 2147483647;
			dstPath = "";
			dstSubfolderSpec = 13;
			files = (
				B9B58FA5003BFB6B76FD96AF /* ShareExtension.appex in Embed Foundation Extensions */,
			);
			name = "Embed Foundation Extensions";
			runOnlyForDeploymentPostprocessing = 0;
		};
/* End PBXCopyFilesBuildPhase section */

/* Begin PBXFileReference section */
		038F6646ADD8458003F5D777 /* SettingsView.swift */ = {isa = PBXFileReference; lastKnownFileType = sourcecode.swift; path = SettingsView.swift; sourceTree = "<group>"; };
		06B9207BA6881145763FE76E /* InfoPlist.xcstrings */ = {isa = PBXFileReference; lastKnownFileType = text.json.xcstrings; path = InfoPlist.xcstrings; sourceTree = "<group>"; };
		07E52114D51C3A692D2C8E2D /* FTS5SearchManagerIndexTests.swift */ = {isa = PBXFileReference; lastKnownFileType = sourcecode.swift; path = FTS5SearchManagerIndexTests.swift; sourceTree = "<group>"; };
		093066FDA4B62ED98824E50B /* ToastView.swift */ = {isa = PBXFileReference; lastKnownFileType = sourcecode.swift; path = ToastView.swift; sourceTree = "<group>"; };
		0C717CA8AAEB7479E6E52A73 /* TagChip.swift */ = {isa = PBXFileReference; lastKnownFileType = sourcecode.swift; path = TagChip.swift; sourceTree = "<group>"; };
		0E012CBB7734D7150DE83121 /* SharedDataManager.swift */ = {isa = PBXFileReference; lastKnownFileType = sourcecode.swift; path = SharedDataManager.swift; sourceTree = "<group>"; };
		117C69065C4BFC1C68EB1C00 /* CategoryRepositoryTests.swift */ = {isa = PBXFileReference; lastKnownFileType = sourcecode.swift; path = CategoryRepositoryTests.swift; sourceTree = "<group>"; };
		169A0B494F30137A1EB80458 /* Color+Folio.swift */ = {isa = PBXFileReference; lastKnownFileType = sourcecode.swift; path = "Color+Folio.swift"; sourceTree = "<group>"; };
		16DD7BE48D5B9843683D10DF /* UseCases.swift */ = {isa = PBXFileReference; lastKnownFileType = sourcecode.swift; path = UseCases.swift; sourceTree = "<group>"; };
		17799D4B4BF31ECDFD409532 /* ShareViewController.swift */ = {isa = PBXFileReference; lastKnownFileType = sourcecode.swift; path = ShareViewController.swift; sourceTree = "<group>"; };
		1B2B9FA9B03C15A89D34F796 /* FTS5SearchManagerQueryTests.swift */ = {isa = PBXFileReference; lastKnownFileType = sourcecode.swift; path = FTS5SearchManagerQueryTests.swift; sourceTree = "<group>"; };
		24DDA8F196ACFB043EA613E8 /* Assets.xcassets */ = {isa = PBXFileReference; lastKnownFileType = folder.assetcatalog; path = Assets.xcassets; sourceTree = "<group>"; };
		27141035F0C9F338F79090D3 /* ColorTests.swift */ = {isa = PBXFileReference; lastKnownFileType = sourcecode.swift; path = ColorTests.swift; sourceTree = "<group>"; };
		275619E05D7C8FE0DDE936F8 /* SyncService.swift */ = {isa = PBXFileReference; lastKnownFileType = sourcecode.swift; path = SyncService.swift; sourceTree = "<group>"; };
		2B214C4940B98BA754FED8A6 /* SearchViewModelTests.swift */ = {isa = PBXFileReference; lastKnownFileType = sourcecode.swift; path = SearchViewModelTests.swift; sourceTree = "<group>"; };
		2B684C5506B2386577EBB864 /* MockDataFactoryTests.swift */ = {isa = PBXFileReference; lastKnownFileType = sourcecode.swift; path = MockDataFactoryTests.swift; sourceTree = "<group>"; };
		2C4278242512E2D2CE54A080 /* UIComponentTests.swift */ = {isa = PBXFileReference; lastKnownFileType = sourcecode.swift; path = UIComponentTests.swift; sourceTree = "<group>"; };
		2E373DB9D77990404C0F5AAB /* SearchViewModel.swift */ = {isa = PBXFileReference; lastKnownFileType = sourcecode.swift; path = SearchViewModel.swift; sourceTree = "<group>"; };
		31E66A5792F8833A91D7C787 /* ArticleRepository.swift */ = {isa = PBXFileReference; lastKnownFileType = sourcecode.swift; path = ArticleRepository.swift; sourceTree = "<group>"; };
		349AB0BC3C6766D21B01FF09 /* MockDataFactory.swift */ = {isa = PBXFileReference; lastKnownFileType = sourcecode.swift; path = MockDataFactory.swift; sourceTree = "<group>"; };
		3B06AAD8993752CE10A6758F /* OfflineQueueManagerTests.swift */ = {isa = PBXFileReference; lastKnownFileType = sourcecode.swift; path = OfflineQueueManagerTests.swift; sourceTree = "<group>"; };
		3DAF903DE4A88322BFC3BF05 /* TypographyTests.swift */ = {isa = PBXFileReference; lastKnownFileType = sourcecode.swift; path = TypographyTests.swift; sourceTree = "<group>"; };
		3FD52F9166CCEFFF5C189276 /* ImageView.swift */ = {isa = PBXFileReference; lastKnownFileType = sourcecode.swift; path = ImageView.swift; sourceTree = "<group>"; };
		4216C4C03920C144A6453AAA /* DateRelativeFormatTests.swift */ = {isa = PBXFileReference; lastKnownFileType = sourcecode.swift; path = DateRelativeFormatTests.swift; sourceTree = "<group>"; };
		4262FBCFBF74F063C7B2307A /* AppDelegate.swift */ = {isa = PBXFileReference; lastKnownFileType = sourcecode.swift; path = AppDelegate.swift; sourceTree = "<group>"; };
		495BDA963D79288EC295DA9B /* MainTabView.swift */ = {isa = PBXFileReference; lastKnownFileType = sourcecode.swift; path = MainTabView.swift; sourceTree = "<group>"; };
		4D21B5897AD7898900B99FAA /* CornerRadius.swift */ = {isa = PBXFileReference; lastKnownFileType = sourcecode.swift; path = CornerRadius.swift; sourceTree = "<group>"; };
		4D34AADE7B610BF96EAEEC32 /* QuotaCheckTests.swift */ = {isa = PBXFileReference; lastKnownFileType = sourcecode.swift; path = QuotaCheckTests.swift; sourceTree = "<group>"; };
		4FC23CD3192062DC98AC6E3A /* ReadingPreferenceTests.swift */ = {isa = PBXFileReference; lastKnownFileType = sourcecode.swift; path = ReadingPreferenceTests.swift; sourceTree = "<group>"; };
		5290C3ADECCDDBC753EB1F59 /* HomeViewModelTagFilterTests.swift */ = {isa = PBXFileReference; lastKnownFileType = sourcecode.swift; path = HomeViewModelTagFilterTests.swift; sourceTree = "<group>"; };
		535A40C8A5E5036399F1E139 /* HomeViewModel.swift */ = {isa = PBXFileReference; lastKnownFileType = sourcecode.swift; path = HomeViewModel.swift; sourceTree = "<group>"; };
		5635A7731AD578E00D68E228 /* CategoryRepository.swift */ = {isa = PBXFileReference; lastKnownFileType = sourcecode.swift; path = CategoryRepository.swift; sourceTree = "<group>"; };
		5B8BAAD0990BFEBF5AC22207 /* Folio.app */ = {isa = PBXFileReference; includeInIndex = 0; lastKnownFileType = wrapper.application; path = Folio.app; sourceTree = BUILT_PRODUCTS_DIR; };
		5F1CE534E4841B018C1B9B69 /* ReadingFontFamily.swift */ = {isa = PBXFileReference; lastKnownFileType = sourcecode.swift; path = ReadingFontFamily.swift; sourceTree = "<group>"; };
		64E1773C35E610BA822C8E22 /* HomeViewModelFilterTests.swift */ = {isa = PBXFileReference; lastKnownFileType = sourcecode.swift; path = HomeViewModelFilterTests.swift; sourceTree = "<group>"; };
		6924E3CEAAFA4D0C34D4AE5A /* Info.plist */ = {isa = PBXFileReference; lastKnownFileType = text.plist; path = Info.plist; sourceTree = "<group>"; };
		6B85A3C41CFF1949BDF0F023 /* ShareExtension.entitlements */ = {isa = PBXFileReference; lastKnownFileType = text.plist.entitlements; path = ShareExtension.entitlements; sourceTree = "<group>"; };
		6BB51A125EC50A54621232F6 /* FolioTests.xctest */ = {isa = PBXFileReference; includeInIndex = 0; lastKnownFileType = wrapper.cfbundle; path = FolioTests.xctest; sourceTree = BUILT_PRODUCTS_DIR; };
		6BC1DD47CA4777C0208F99F8 /* Models.swift */ = {isa = PBXFileReference; lastKnownFileType = sourcecode.swift; path = Models.swift; sourceTree = "<group>"; };
		6BC31BD29ACB398C09476D77 /* ReaderViewModel.swift */ = {isa = PBXFileReference; lastKnownFileType = sourcecode.swift; path = ReaderViewModel.swift; sourceTree = "<group>"; };
		6D5FD400A66F26A1CB323587 /* OfflineQueueManager.swift */ = {isa = PBXFileReference; lastKnownFileType = sourcecode.swift; path = OfflineQueueManager.swift; sourceTree = "<group>"; };
		6D7667B92B7C015356B030F8 /* Date+RelativeFormat.swift */ = {isa = PBXFileReference; lastKnownFileType = sourcecode.swift; path = "Date+RelativeFormat.swift"; sourceTree = "<group>"; };
		6F3C268731DCB6CF9682D76F /* FTS5SearchManager.swift */ = {isa = PBXFileReference; lastKnownFileType = sourcecode.swift; path = FTS5SearchManager.swift; sourceTree = "<group>"; };
		71A2352C6035EB5F5B3C61B2 /* SpacingTests.swift */ = {isa = PBXFileReference; lastKnownFileType = sourcecode.swift; path = SpacingTests.swift; sourceTree = "<group>"; };
		753C7145168AAEC4143FA1C0 /* SharedDataManagerTests.swift */ = {isa = PBXFileReference; lastKnownFileType = sourcecode.swift; path = SharedDataManagerTests.swift; sourceTree = "<group>"; };
		7861C8ADE901E7621567A32A /* FlowLayout.swift */ = {isa = PBXFileReference; lastKnownFileType = sourcecode.swift; path = FlowLayout.swift; sourceTree = "<group>"; };
		7D2984F5A4CD88647D15D56D /* TagRepositoryTests.swift */ = {isa = PBXFileReference; lastKnownFileType = sourcecode.swift; path = TagRepositoryTests.swift; sourceTree = "<group>"; };
		7FF9CAB5F865B73864CBB8D0 /* ReaderViewModelTests.swift */ = {isa = PBXFileReference; lastKnownFileType = sourcecode.swift; path = ReaderViewModelTests.swift; sourceTree = "<group>"; };
		856356967CB852BD68D53012 /* ImageViewerOverlay.swift */ = {isa = PBXFileReference; lastKnownFileType = sourcecode.swift; path = ImageViewerOverlay.swift; sourceTree = "<group>"; };
		87D83803635133CE2F717E30 /* Folio.entitlements */ = {isa = PBXFileReference; lastKnownFileType = text.plist.entitlements; path = Folio.entitlements; sourceTree = "<group>"; };
		8A5422E7CBF3F7DDF13B0F67 /* Repository.swift */ = {isa = PBXFileReference; lastKnownFileType = sourcecode.swift; path = Repository.swift; sourceTree = "<group>"; };
		8B4EA41EDA75780003D86348 /* Info.plist */ = {isa = PBXFileReference; lastKnownFileType = text.plist; path = Info.plist; sourceTree = "<group>"; };
		8D3662CC8FF7499BC1DE398A /* SignInView.swift */ = {isa = PBXFileReference; lastKnownFileType = sourcecode.swift; path = SignInView.swift; sourceTree = "<group>"; };
		91C69730FFB93189129A45BC /* SwiftDataStore.swift */ = {isa = PBXFileReference; lastKnownFileType = sourcecode.swift; path = SwiftDataStore.swift; sourceTree = "<group>"; };
		9296E1AEFF3D3F283AECE651 /* WebViewContainer.swift */ = {isa = PBXFileReference; lastKnownFileType = sourcecode.swift; path = WebViewContainer.swift; sourceTree = "<group>"; };
		92ED4253BB778A67007D44F9 /* HomeView.swift */ = {isa = PBXFileReference; lastKnownFileType = sourcecode.swift; path = HomeView.swift; sourceTree = "<group>"; };
		97448BBF5D1E4557D102E6E1 /* ArticleRepositoryTests.swift */ = {isa = PBXFileReference; lastKnownFileType = sourcecode.swift; path = ArticleRepositoryTests.swift; sourceTree = "<group>"; };
		9F561B5821A5D2E5B7C02ED6 /* OnboardingPage.swift */ = {isa = PBXFileReference; lastKnownFileType = sourcecode.swift; path = OnboardingPage.swift; sourceTree = "<group>"; };
		A188A06C3CDE3BAF608F9539 /* CompactShareView.swift */ = {isa = PBXFileReference; lastKnownFileType = sourcecode.swift; path = CompactShareView.swift; sourceTree = "<group>"; };
		A1F05970EB8BBD7890F0F92A /* Category.swift */ = {isa = PBXFileReference; lastKnownFileType = sourcecode.swift; path = Category.swift; sourceTree = "<group>"; };
		A6B33B32B6B5CC8C97CF5594 /* ArticleMetaInfoView.swift */ = {isa = PBXFileReference; lastKnownFileType = sourcecode.swift; path = ArticleMetaInfoView.swift; sourceTree = "<group>"; };
		AA1FAF40CAE7C1C5DE1346CF /* Spacing.swift */ = {isa = PBXFileReference; lastKnownFileType = sourcecode.swift; path = Spacing.swift; sourceTree = "<group>"; };
		ADFD33753883AEEB6B1BA822 /* AuthViewModel.swift */ = {isa = PBXFileReference; lastKnownFileType = sourcecode.swift; path = AuthViewModel.swift; sourceTree = "<group>"; };
		AE27C5D99131B29D41A1CFAB /* OnboardingView.swift */ = {isa = PBXFileReference; lastKnownFileType = sourcecode.swift; path = OnboardingView.swift; sourceTree = "<group>"; };
		AF1772655ED28449F93C0F22 /* Article.swift */ = {isa = PBXFileReference; lastKnownFileType = sourcecode.swift; path = Article.swift; sourceTree = "<group>"; };
		B003CD5B3B9D3B96662F2542 /* PermissionView.swift */ = {isa = PBXFileReference; lastKnownFileType = sourcecode.swift; path = PermissionView.swift; sourceTree = "<group>"; };
		B03A2CB21E64374769E892C7 /* ShareExtension.appex */ = {isa = PBXFileReference; includeInIndex = 0; lastKnownFileType = "wrapper.app-extension"; path = ShareExtension.appex; sourceTree = BUILT_PRODUCTS_DIR; };
		B2075F1EB1B542E31ACDC680 /* DTOMappingTests.swift */ = {isa = PBXFileReference; lastKnownFileType = sourcecode.swift; path = DTOMappingTests.swift; sourceTree = "<group>"; };
		B5ADE29C550B453BA853DDFD /* EmptyStateView.swift */ = {isa = PBXFileReference; lastKnownFileType = sourcecode.swift; path = EmptyStateView.swift; sourceTree = "<group>"; };
		B69A9BD46B89BDE970E0AC6E /* StatusBadge.swift */ = {isa = PBXFileReference; lastKnownFileType = sourcecode.swift; path = StatusBadge.swift; sourceTree = "<group>"; };
		BA5436DFCCF18BD94C6B09B4 /* Localizable.xcstrings */ = {isa = PBXFileReference; lastKnownFileType = text.json.xcstrings; path = Localizable.xcstrings; sourceTree = "<group>"; };
		BD0B7D8133F4B50289FEFB75 /* FolioButton.swift */ = {isa = PBXFileReference; lastKnownFileType = sourcecode.swift; path = FolioButton.swift; sourceTree = "<group>"; };
		BFF29B7B9F12CD2807CB2590 /* MarkdownRendererTests.swift */ = {isa = PBXFileReference; lastKnownFileType = sourcecode.swift; path = MarkdownRendererTests.swift; sourceTree = "<group>"; };
		C1CF36A18455EBEE914D8516 /* SearchResultRow.swift */ = {isa = PBXFileReference; lastKnownFileType = sourcecode.swift; path = SearchResultRow.swift; sourceTree = "<group>"; };
		C5BBCF93626F7CCCD8B69BA5 /* DataManager.swift */ = {isa = PBXFileReference; lastKnownFileType = sourcecode.swift; path = DataManager.swift; sourceTree = "<group>"; };
		CCCA910CD906C5CD07B76226 /* CodeBlockView.swift */ = {isa = PBXFileReference; lastKnownFileType = sourcecode.swift; path = CodeBlockView.swift; sourceTree = "<group>"; };
		CF132C57898D7B679B9B3313 /* SearchIndex.swift */ = {isa = PBXFileReference; lastKnownFileType = sourcecode.swift; path = SearchIndex.swift; sourceTree = "<group>"; };
		CF21EED2AB8D7E9F2F02E548 /* Typography.swift */ = {isa = PBXFileReference; lastKnownFileType = sourcecode.swift; path = Typography.swift; sourceTree = "<group>"; };
		D17221CFE5B385D12B44C562 /* ArticleCardView.swift */ = {isa = PBXFileReference; lastKnownFileType = sourcecode.swift; path = ArticleCardView.swift; sourceTree = "<group>"; };
		D3895BDC8F0D382B020B65FC /* ReaderView.swift */ = {isa = PBXFileReference; lastKnownFileType = sourcecode.swift; path = ReaderView.swift; sourceTree = "<group>"; };
		D6C2A1974950C9788806AFCA /* TagRepository.swift */ = {isa = PBXFileReference; lastKnownFileType = sourcecode.swift; path = TagRepository.swift; sourceTree = "<group>"; };
		DA462B3A514B4A01D6C1E505 /* Network.swift */ = {isa = PBXFileReference; lastKnownFileType = sourcecode.swift; path = Network.swift; sourceTree = "<group>"; };
		DAB03DB08F0EA3FE4B5EFDF2 /* Tag.swift */ = {isa = PBXFileReference; lastKnownFileType = sourcecode.swift; path = Tag.swift; sourceTree = "<group>"; };
		DD2D05CDF427ADD1FE47D576 /* APIClientTests.swift */ = {isa = PBXFileReference; lastKnownFileType = sourcecode.swift; path = APIClientTests.swift; sourceTree = "<group>"; };
		E016EA57FC3158AFDE32DF30 /* HomeViewModelTests.swift */ = {isa = PBXFileReference; lastKnownFileType = sourcecode.swift; path = HomeViewModelTests.swift; sourceTree = "<group>"; };
		E97E445CCFB8607C347E9907 /* ReaderViewModelProgressTests.swift */ = {isa = PBXFileReference; lastKnownFileType = sourcecode.swift; path = ReaderViewModelProgressTests.swift; sourceTree = "<group>"; };
		EC31BB3C23FF28164692560C /* CategoryFilterBar.swift */ = {isa = PBXFileReference; lastKnownFileType = sourcecode.swift; path = CategoryFilterBar.swift; sourceTree = "<group>"; };
		ECD2709338C4BA3D19ECADD7 /* ReadingPreferenceView.swift */ = {isa = PBXFileReference; lastKnownFileType = sourcecode.swift; path = ReadingPreferenceView.swift; sourceTree = "<group>"; };
		ED4556A712E7A2B56DE80CBD /* FolioApp.swift */ = {isa = PBXFileReference; lastKnownFileType = sourcecode.swift; path = FolioApp.swift; sourceTree = "<group>"; };
		EE1B40D5816A95E44405EEE7 /* KeyChainManagerTests.swift */ = {isa = PBXFileReference; lastKnownFileType = sourcecode.swift; path = KeyChainManagerTests.swift; sourceTree = "<group>"; };
		EEF6FFA4CC940CD607F20646 /* DTOMapping.swift */ = {isa = PBXFileReference; lastKnownFileType = sourcecode.swift; path = DTOMapping.swift; sourceTree = "<group>"; };
		F053C691B9E245B268D15251 /* TableView.swift */ = {isa = PBXFileReference; lastKnownFileType = sourcecode.swift; path = TableView.swift; sourceTree = "<group>"; };
		F56A0C9DFE738DA06C1C7A8A /* TagFilterView.swift */ = {isa = PBXFileReference; lastKnownFileType = sourcecode.swift; path = TagFilterView.swift; sourceTree = "<group>"; };
		F646F1377FEE790175386A86 /* MarkdownRenderer.swift */ = {isa = PBXFileReference; lastKnownFileType = sourcecode.swift; path = MarkdownRenderer.swift; sourceTree = "<group>"; };
		FA20DC780693B28FCC8A1D33 /* SyncServiceTests.swift */ = {isa = PBXFileReference; lastKnownFileType = sourcecode.swift; path = SyncServiceTests.swift; sourceTree = "<group>"; };
		FAB12E81162EBFF3804FA474 /* DataManagerTests.swift */ = {isa = PBXFileReference; lastKnownFileType = sourcecode.swift; path = DataManagerTests.swift; sourceTree = "<group>"; };
		FCCBE095E508C7DA1DB8CD81 /* KeyChainManager.swift */ = {isa = PBXFileReference; lastKnownFileType = sourcecode.swift; path = KeyChainManager.swift; sourceTree = "<group>"; };
		FD061D3F91DA585D2D12B2A1 /* ArticleModelTests.swift */ = {isa = PBXFileReference; lastKnownFileType = sourcecode.swift; path = ArticleModelTests.swift; sourceTree = "<group>"; };
/* End PBXFileReference section */

/* Begin PBXFrameworksBuildPhase section */
		9DDB037244D0F79104ADBCB6 /* Frameworks */ = {
			isa = PBXFrameworksBuildPhase;
			buildActionMask = 2147483647;
			files = (
				5D66D20231FB94CF147E9066 /* Markdown in Frameworks */,
				67CCE0A5B8A3B6D30755169C /* Nuke in Frameworks */,
				B589D7C031675E6E6AAF8D65 /* NukeUI in Frameworks */,
				262F73093B1C8E9406AF514E /* KeychainAccess in Frameworks */,
			);
			runOnlyForDeploymentPostprocessing = 0;
		};
/* End PBXFrameworksBuildPhase section */

/* Begin PBXGroup section */
		05EE15E7DA58F9E16BA2E1DA /* Extensions */ = {
			isa = PBXGroup;
			children = (
				169A0B494F30137A1EB80458 /* Color+Folio.swift */,
				6D7667B92B7C015356B030F8 /* Date+RelativeFormat.swift */,
			);
			path = Extensions;
			sourceTree = "<group>";
		};
		167E3E30A49919FD8D56D74D = {
			isa = PBXGroup;
			children = (
				D43EB5CE0E77CD5592721DA7 /* Folio */,
				360934E47C7F5273A0F37E7B /* FolioTests */,
				DDB4F7D633218E3FCC54E6BF /* ShareExtension */,
				62523BE78BDC40FAA03B8BBD /* Products */,
			);
			sourceTree = "<group>";
		};
		1E01F9ABE829C80A6C51BCFB /* KeyChain */ = {
			isa = PBXGroup;
			children = (
				FCCBE095E508C7DA1DB8CD81 /* KeyChainManager.swift */,
			);
			path = KeyChain;
			sourceTree = "<group>";
		};
		218D0BBA62C139CC9BAFEE74 /* App */ = {
			isa = PBXGroup;
			children = (
				4262FBCFBF74F063C7B2307A /* AppDelegate.swift */,
				ED4556A712E7A2B56DE80CBD /* FolioApp.swift */,
				495BDA963D79288EC295DA9B /* MainTabView.swift */,
			);
			path = App;
			sourceTree = "<group>";
		};
		355F5A6A31ED7F40948A9E61 /* Data */ = {
			isa = PBXGroup;
			children = (
				FAB12E81162EBFF3804FA474 /* DataManagerTests.swift */,
				EE1B40D5816A95E44405EEE7 /* KeyChainManagerTests.swift */,
				4D34AADE7B610BF96EAEEC32 /* QuotaCheckTests.swift */,
				753C7145168AAEC4143FA1C0 /* SharedDataManagerTests.swift */,
				FA20DC780693B28FCC8A1D33 /* SyncServiceTests.swift */,
			);
			path = Data;
			sourceTree = "<group>";
		};
		360934E47C7F5273A0F37E7B /* FolioTests */ = {
			isa = PBXGroup;
			children = (
				B4F90B8DED353E1A7A620D4A /* Components */,
				355F5A6A31ED7F40948A9E61 /* Data */,
				A148256C5B39606F528C8653 /* DesignSystem */,
				A27E690A15323A5E5687ED17 /* Extensions */,
				4BEC88AA3FFCDE89FAB41116 /* Home */,
				A6D82D4E0649C5F748FB2385 /* Models */,
				7F1D83B16BCFFC96DA9E6F71 /* Network */,
				383B12C0C6A9E10923BC99B7 /* Reader */,
				51C99D6CFAA3E0CEC1DCA00D /* Repository */,
				F2485C4248A92099A89622EE /* Search */,
				88EEAEA8A491A0C9539584D6 /* Utils */,
				AF9C3CA2CC37B7EADD003EB6 /* ViewModels */,
			);
			path = FolioTests;
			sourceTree = "<group>";
		};
		3811E03E14E85309CD6FE671 /* Search */ = {
			isa = PBXGroup;
			children = (
				C1CF36A18455EBEE914D8516 /* SearchResultRow.swift */,
				2E373DB9D77990404C0F5AAB /* SearchViewModel.swift */,
			);
			path = Search;
			sourceTree = "<group>";
		};
		383B12C0C6A9E10923BC99B7 /* Reader */ = {
			isa = PBXGroup;
			children = (
				BFF29B7B9F12CD2807CB2590 /* MarkdownRendererTests.swift */,
				4FC23CD3192062DC98AC6E3A /* ReadingPreferenceTests.swift */,
			);
			path = Reader;
			sourceTree = "<group>";
		};
		4BEC88AA3FFCDE89FAB41116 /* Home */ = {
			isa = PBXGroup;
			children = (
			);
			path = Home;
			sourceTree = "<group>";
		};
		51C99D6CFAA3E0CEC1DCA00D /* Repository */ = {
			isa = PBXGroup;
			children = (
				97448BBF5D1E4557D102E6E1 /* ArticleRepositoryTests.swift */,
				117C69065C4BFC1C68EB1C00 /* CategoryRepositoryTests.swift */,
				7D2984F5A4CD88647D15D56D /* TagRepositoryTests.swift */,
			);
			path = Repository;
			sourceTree = "<group>";
		};
		62523BE78BDC40FAA03B8BBD /* Products */ = {
			isa = PBXGroup;
			children = (
				5B8BAAD0990BFEBF5AC22207 /* Folio.app */,
				6BB51A125EC50A54621232F6 /* FolioTests.xctest */,
				B03A2CB21E64374769E892C7 /* ShareExtension.appex */,
			);
			name = Products;
			sourceTree = "<group>";
		};
		72CC41699B9374EA39675C44 /* Repository */ = {
			isa = PBXGroup;
			children = (
				31E66A5792F8833A91D7C787 /* ArticleRepository.swift */,
				5635A7731AD578E00D68E228 /* CategoryRepository.swift */,
				8A5422E7CBF3F7DDF13B0F67 /* Repository.swift */,
				D6C2A1974950C9788806AFCA /* TagRepository.swift */,
			);
			path = Repository;
			sourceTree = "<group>";
		};
		7DE867F7631FA31498B2E326 /* Reader */ = {
			isa = PBXGroup;
			children = (
				A6B33B32B6B5CC8C97CF5594 /* ArticleMetaInfoView.swift */,
				CCCA910CD906C5CD07B76226 /* CodeBlockView.swift */,
				3FD52F9166CCEFFF5C189276 /* ImageView.swift */,
				856356967CB852BD68D53012 /* ImageViewerOverlay.swift */,
				F646F1377FEE790175386A86 /* MarkdownRenderer.swift */,
				D3895BDC8F0D382B020B65FC /* ReaderView.swift */,
				6BC31BD29ACB398C09476D77 /* ReaderViewModel.swift */,
				ECD2709338C4BA3D19ECADD7 /* ReadingPreferenceView.swift */,
				F053C691B9E245B268D15251 /* TableView.swift */,
				9296E1AEFF3D3F283AECE651 /* WebViewContainer.swift */,
			);
			path = Reader;
			sourceTree = "<group>";
		};
		7F1D83B16BCFFC96DA9E6F71 /* Network */ = {
			isa = PBXGroup;
			children = (
				DD2D05CDF427ADD1FE47D576 /* APIClientTests.swift */,
				B2075F1EB1B542E31ACDC680 /* DTOMappingTests.swift */,
				3B06AAD8993752CE10A6758F /* OfflineQueueManagerTests.swift */,
			);
			path = Network;
			sourceTree = "<group>";
		};
		8352CF3EE961812AF7C7B69B /* Home */ = {
			isa = PBXGroup;
			children = (
				D17221CFE5B385D12B44C562 /* ArticleCardView.swift */,
				EC31BB3C23FF28164692560C /* CategoryFilterBar.swift */,
				B5ADE29C550B453BA853DDFD /* EmptyStateView.swift */,
				92ED4253BB778A67007D44F9 /* HomeView.swift */,
				535A40C8A5E5036399F1E139 /* HomeViewModel.swift */,
				F56A0C9DFE738DA06C1C7A8A /* TagFilterView.swift */,
			);
			path = Home;
			sourceTree = "<group>";
		};
		864C6DC23F7E5680F3D73AFE /* Components */ = {
			isa = PBXGroup;
			children = (
				4D21B5897AD7898900B99FAA /* CornerRadius.swift */,
				7861C8ADE901E7621567A32A /* FlowLayout.swift */,
				BD0B7D8133F4B50289FEFB75 /* FolioButton.swift */,
				5F1CE534E4841B018C1B9B69 /* ReadingFontFamily.swift */,
				AA1FAF40CAE7C1C5DE1346CF /* Spacing.swift */,
				B69A9BD46B89BDE970E0AC6E /* StatusBadge.swift */,
				0C717CA8AAEB7479E6E52A73 /* TagChip.swift */,
				093066FDA4B62ED98824E50B /* ToastView.swift */,
				CF21EED2AB8D7E9F2F02E548 /* Typography.swift */,
			);
			path = Components;
			sourceTree = "<group>";
		};
		88EEAEA8A491A0C9539584D6 /* Utils */ = {
			isa = PBXGroup;
			children = (
				2B684C5506B2386577EBB864 /* MockDataFactoryTests.swift */,
			);
			path = Utils;
			sourceTree = "<group>";
		};
		9376CF265885C895407BAE0F /* Auth */ = {
			isa = PBXGroup;
			children = (
				ADFD33753883AEEB6B1BA822 /* AuthViewModel.swift */,
			);
			path = Auth;
			sourceTree = "<group>";
		};
		9C4953672330DBE22710D51C /* Onboarding */ = {
			isa = PBXGroup;
			children = (
				9F561B5821A5D2E5B7C02ED6 /* OnboardingPage.swift */,
				AE27C5D99131B29D41A1CFAB /* OnboardingView.swift */,
				B003CD5B3B9D3B96662F2542 /* PermissionView.swift */,
			);
			path = Onboarding;
			sourceTree = "<group>";
		};
		9E148A321DF419C303F38351 /* SwiftData */ = {
			isa = PBXGroup;
			children = (
				C5BBCF93626F7CCCD8B69BA5 /* DataManager.swift */,
				0E012CBB7734D7150DE83121 /* SharedDataManager.swift */,
				91C69730FFB93189129A45BC /* SwiftDataStore.swift */,
			);
			path = SwiftData;
			sourceTree = "<group>";
		};
		A148256C5B39606F528C8653 /* DesignSystem */ = {
			isa = PBXGroup;
			children = (
				27141035F0C9F338F79090D3 /* ColorTests.swift */,
				71A2352C6035EB5F5B3C61B2 /* SpacingTests.swift */,
				3DAF903DE4A88322BFC3BF05 /* TypographyTests.swift */,
			);
			path = DesignSystem;
			sourceTree = "<group>";
		};
		A27E690A15323A5E5687ED17 /* Extensions */ = {
			isa = PBXGroup;
			children = (
				4216C4C03920C144A6453AAA /* DateRelativeFormatTests.swift */,
			);
			path = Extensions;
			sourceTree = "<group>";
		};
		A6D82D4E0649C5F748FB2385 /* Models */ = {
			isa = PBXGroup;
			children = (
				FD061D3F91DA585D2D12B2A1 /* ArticleModelTests.swift */,
			);
			path = Models;
			sourceTree = "<group>";
		};
		AC7A20AF11A2D4F082B2A309 /* Presentation */ = {
			isa = PBXGroup;
			children = (
				9376CF265885C895407BAE0F /* Auth */,
				864C6DC23F7E5680F3D73AFE /* Components */,
				8352CF3EE961812AF7C7B69B /* Home */,
				9C4953672330DBE22710D51C /* Onboarding */,
				7DE867F7631FA31498B2E326 /* Reader */,
				3811E03E14E85309CD6FE671 /* Search */,
				E69754B39F9B81355062CBAC /* Settings */,
			);
			path = Presentation;
			sourceTree = "<group>";
		};
		AF9C3CA2CC37B7EADD003EB6 /* ViewModels */ = {
			isa = PBXGroup;
			children = (
				64E1773C35E610BA822C8E22 /* HomeViewModelFilterTests.swift */,
				5290C3ADECCDDBC753EB1F59 /* HomeViewModelTagFilterTests.swift */,
				E016EA57FC3158AFDE32DF30 /* HomeViewModelTests.swift */,
				E97E445CCFB8607C347E9907 /* ReaderViewModelProgressTests.swift */,
				7FF9CAB5F865B73864CBB8D0 /* ReaderViewModelTests.swift */,
				2B214C4940B98BA754FED8A6 /* SearchViewModelTests.swift */,
			);
			path = ViewModels;
			sourceTree = "<group>";
		};
		B4F90B8DED353E1A7A620D4A /* Components */ = {
			isa = PBXGroup;
			children = (
				2C4278242512E2D2CE54A080 /* UIComponentTests.swift */,
			);
			path = Components;
			sourceTree = "<group>";
		};
		C493CCC3AEF1EE210BC39E7A /* Utils */ = {
			isa = PBXGroup;
			children = (
				349AB0BC3C6766D21B01FF09 /* MockDataFactory.swift */,
				05EE15E7DA58F9E16BA2E1DA /* Extensions */,
			);
			path = Utils;
			sourceTree = "<group>";
		};
		CA09AD528A09CD3F7D2C75E7 /* UseCases */ = {
			isa = PBXGroup;
			children = (
				16DD7BE48D5B9843683D10DF /* UseCases.swift */,
			);
			path = UseCases;
			sourceTree = "<group>";
		};
		D00CB4EF65C8C1AA0618DCAD /* Sync */ = {
			isa = PBXGroup;
			children = (
				275619E05D7C8FE0DDE936F8 /* SyncService.swift */,
			);
			path = Sync;
			sourceTree = "<group>";
		};
		D1E092A326505E60C6C97AE9 /* Data */ = {
			isa = PBXGroup;
			children = (
				1E01F9ABE829C80A6C51BCFB /* KeyChain */,
				D397D2E89A50D443D7523DE2 /* Network */,
				72CC41699B9374EA39675C44 /* Repository */,
				F75D16806FE93495DE6500DC /* Search */,
				9E148A321DF419C303F38351 /* SwiftData */,
				D00CB4EF65C8C1AA0618DCAD /* Sync */,
			);
			path = Data;
			sourceTree = "<group>";
		};
		D397D2E89A50D443D7523DE2 /* Network */ = {
			isa = PBXGroup;
			children = (
				EEF6FFA4CC940CD607F20646 /* DTOMapping.swift */,
				DA462B3A514B4A01D6C1E505 /* Network.swift */,
				6D5FD400A66F26A1CB323587 /* OfflineQueueManager.swift */,
			);
			path = Network;
			sourceTree = "<group>";
		};
		D43EB5CE0E77CD5592721DA7 /* Folio */ = {
			isa = PBXGroup;
			children = (
				87D83803635133CE2F717E30 /* Folio.entitlements */,
				8B4EA41EDA75780003D86348 /* Info.plist */,
				218D0BBA62C139CC9BAFEE74 /* App */,
				D1E092A326505E60C6C97AE9 /* Data */,
				E4DF5591C1C27344477EBE16 /* Domain */,
				AC7A20AF11A2D4F082B2A309 /* Presentation */,
				D4FB9A636E6175FE47B5C7BF /* Resources */,
				C493CCC3AEF1EE210BC39E7A /* Utils */,
			);
			path = Folio;
			sourceTree = "<group>";
		};
		D4FB9A636E6175FE47B5C7BF /* Resources */ = {
			isa = PBXGroup;
			children = (
				24DDA8F196ACFB043EA613E8 /* Assets.xcassets */,
				06B9207BA6881145763FE76E /* InfoPlist.xcstrings */,
				BA5436DFCCF18BD94C6B09B4 /* Localizable.xcstrings */,
			);
			path = Resources;
			sourceTree = "<group>";
		};
		DB681C6B591CC15FB6F98DBE /* Models */ = {
			isa = PBXGroup;
			children = (
				AF1772655ED28449F93C0F22 /* Article.swift */,
				A1F05970EB8BBD7890F0F92A /* Category.swift */,
				6BC1DD47CA4777C0208F99F8 /* Models.swift */,
				DAB03DB08F0EA3FE4B5EFDF2 /* Tag.swift */,
			);
			path = Models;
			sourceTree = "<group>";
		};
		DDB4F7D633218E3FCC54E6BF /* ShareExtension */ = {
			isa = PBXGroup;
			children = (
				A188A06C3CDE3BAF608F9539 /* CompactShareView.swift */,
				6924E3CEAAFA4D0C34D4AE5A /* Info.plist */,
				6B85A3C41CFF1949BDF0F023 /* ShareExtension.entitlements */,
				17799D4B4BF31ECDFD409532 /* ShareViewController.swift */,
			);
			path = ShareExtension;
			sourceTree = "<group>";
		};
		E4DF5591C1C27344477EBE16 /* Domain */ = {
			isa = PBXGroup;
			children = (
				DB681C6B591CC15FB6F98DBE /* Models */,
				CA09AD528A09CD3F7D2C75E7 /* UseCases */,
			);
			path = Domain;
			sourceTree = "<group>";
		};
		E69754B39F9B81355062CBAC /* Settings */ = {
			isa = PBXGroup;
			children = (
				038F6646ADD8458003F5D777 /* SettingsView.swift */,
				8D3662CC8FF7499BC1DE398A /* SignInView.swift */,
			);
			path = Settings;
			sourceTree = "<group>";
		};
		F2485C4248A92099A89622EE /* Search */ = {
			isa = PBXGroup;
			children = (
				07E52114D51C3A692D2C8E2D /* FTS5SearchManagerIndexTests.swift */,
				1B2B9FA9B03C15A89D34F796 /* FTS5SearchManagerQueryTests.swift */,
			);
			path = Search;
			sourceTree = "<group>";
		};
		F75D16806FE93495DE6500DC /* Search */ = {
			isa = PBXGroup;
			children = (
				6F3C268731DCB6CF9682D76F /* FTS5SearchManager.swift */,
				CF132C57898D7B679B9B3313 /* SearchIndex.swift */,
			);
			path = Search;
			sourceTree = "<group>";
		};
/* End PBXGroup section */

/* Begin PBXNativeTarget section */
		04E14628581FD2303F7B4A04 /* ShareExtension */ = {
			isa = PBXNativeTarget;
			buildConfigurationList = 6148A7A41F01290EBFC5B723 /* Build configuration list for PBXNativeTarget "ShareExtension" */;
			buildPhases = (
				C0AEB979E7A8EC396F7D3CA2 /* Sources */,
			);
			buildRules = (
			);
			dependencies = (
			);
			name = ShareExtension;
			packageProductDependencies = (
			);
			productName = ShareExtension;
			productReference = B03A2CB21E64374769E892C7 /* ShareExtension.appex */;
			productType = "com.apple.product-type.app-extension";
		};
		0C56AF64BE26DB444D566E60 /* Folio */ = {
			isa = PBXNativeTarget;
			buildConfigurationList = 053AAE1D1B4F8AD6CAC8296F /* Build configuration list for PBXNativeTarget "Folio" */;
			buildPhases = (
				3859F542EDB723E250691952 /* Sources */,
				8AF20F2D7ED0809F38E8AD11 /* Resources */,
				9DDB037244D0F79104ADBCB6 /* Frameworks */,
				1EC4B01E99A3DD20DEFE6BEC /* Embed Foundation Extensions */,
			);
			buildRules = (
			);
			dependencies = (
				7B06F47E15E8C0F577DB46D2 /* PBXTargetDependency */,
			);
			name = Folio;
			packageProductDependencies = (
				D1A09DA691F886B661C41C00 /* Markdown */,
				6980B973DA26CCDC8F0DE1D4 /* Nuke */,
				FD87CB5271A7E5119E665A37 /* NukeUI */,
				D1AD63A300383F049533808C /* KeychainAccess */,
			);
			productName = Folio;
			productReference = 5B8BAAD0990BFEBF5AC22207 /* Folio.app */;
			productType = "com.apple.product-type.application";
		};
		1CD6F615502B2F1F3198986F /* FolioTests */ = {
			isa = PBXNativeTarget;
			buildConfigurationList = C86FAFAEDE7927D9F3DE4B94 /* Build configuration list for PBXNativeTarget "FolioTests" */;
			buildPhases = (
				2DB195A7169B335485DDE5AE /* Sources */,
			);
			buildRules = (
			);
			dependencies = (
				820F63B6E4A2E77B25370426 /* PBXTargetDependency */,
			);
			name = FolioTests;
			packageProductDependencies = (
			);
			productName = FolioTests;
			productReference = 6BB51A125EC50A54621232F6 /* FolioTests.xctest */;
			productType = "com.apple.product-type.bundle.unit-test";
		};
/* End PBXNativeTarget section */

/* Begin PBXProject section */
		383A8F7C70F35B855AA13D98 /* Project object */ = {
			isa = PBXProject;
			attributes = {
				BuildIndependentTargetsInParallel = YES;
				LastUpgradeCheck = 1620;
				TargetAttributes = {
					04E14628581FD2303F7B4A04 = {
						DevelopmentTeam = "";
					};
					0C56AF64BE26DB444D566E60 = {
						DevelopmentTeam = "";
					};
					1CD6F615502B2F1F3198986F = {
						DevelopmentTeam = "";
					};
				};
			};
			buildConfigurationList = 337CB635EA8B81A92F1BCDDC /* Build configuration list for PBXProject "Folio" */;
			compatibilityVersion = "Xcode 14.0";
			developmentRegion = en;
			hasScannedForEncodings = 0;
			knownRegions = (
				Base,
				en,
				"zh-Hans",
			);
			mainGroup = 167E3E30A49919FD8D56D74D;
			minimizedProjectReferenceProxies = 1;
			packageReferences = (
				77D46BD11000310CF0B2F2C2 /* XCRemoteSwiftPackageReference "KeychainAccess" */,
				D32BB813ADFFD2837DA3196E /* XCRemoteSwiftPackageReference "Nuke" */,
				8B7E462B10D352D04B049A72 /* XCRemoteSwiftPackageReference "swift-markdown" */,
			);
			preferredProjectObjectVersion = 77;
			projectDirPath = "";
			projectRoot = "";
			targets = (
				0C56AF64BE26DB444D566E60 /* Folio */,
				1CD6F615502B2F1F3198986F /* FolioTests */,
				04E14628581FD2303F7B4A04 /* ShareExtension */,
			);
		};
/* End PBXProject section */

/* Begin PBXResourcesBuildPhase section */
		8AF20F2D7ED0809F38E8AD11 /* Resources */ = {
			isa = PBXResourcesBuildPhase;
			buildActionMask = 2147483647;
			files = (
				41C619474F62096741A991AA /* Assets.xcassets in Resources */,
				6C810F7B77F471363DF88E0B /* InfoPlist.xcstrings in Resources */,
				5477C797109972B7DF15E4C3 /* Localizable.xcstrings in Resources */,
			);
			runOnlyForDeploymentPostprocessing = 0;
		};
/* End PBXResourcesBuildPhase section */

/* Begin PBXSourcesBuildPhase section */
		2DB195A7169B335485DDE5AE /* Sources */ = {
			isa = PBXSourcesBuildPhase;
			buildActionMask = 2147483647;
			files = (
				72153227A49357BAA1A4CB07 /* APIClientTests.swift in Sources */,
				AE71CDA974E9564AE40D425F /* ArticleModelTests.swift in Sources */,
				D1616228CC0A5A3B07FEFD58 /* ArticleRepositoryTests.swift in Sources */,
				3E810F0AAB4788861CBE1DCA /* CategoryRepositoryTests.swift in Sources */,
				66E60685439709C7F43B81AA /* ColorTests.swift in Sources */,
				F94D8215A1CB7DA4F11A2978 /* DTOMappingTests.swift in Sources */,
				FEE253F7581AAE209F8E36D7 /* DataManagerTests.swift in Sources */,
				00C7C146433E26EB1C11C807 /* DateRelativeFormatTests.swift in Sources */,
				7C16CBD9C0E2B5C34F021C0A /* FTS5SearchManagerIndexTests.swift in Sources */,
				08FD0FFA5E94D6EE8DBA8619 /* FTS5SearchManagerQueryTests.swift in Sources */,
				E7594ACF993B08F9EF435CC8 /* HomeViewModelFilterTests.swift in Sources */,
				B5735DBA3B37611ADABC06A2 /* HomeViewModelTagFilterTests.swift in Sources */,
				C3B203174071C80D02740DD2 /* HomeViewModelTests.swift in Sources */,
				C7CDB713E1071005C9240126 /* KeyChainManagerTests.swift in Sources */,
				289CA4861950E605E44908B8 /* MarkdownRendererTests.swift in Sources */,
				0934A246EE8C385420BE7F4D /* MockDataFactoryTests.swift in Sources */,
				9FA72A62E401352AEFA10DAF /* OfflineQueueManagerTests.swift in Sources */,
				572C7C646CE7316D8C6EB0F3 /* QuotaCheckTests.swift in Sources */,
				0EE77D1C57EAC172FDA4D21C /* ReaderViewModelProgressTests.swift in Sources */,
				A64A9F8723F23F66269D19C0 /* ReaderViewModelTests.swift in Sources */,
				321AC41EC14FAE3B6A15F031 /* ReadingPreferenceTests.swift in Sources */,
				EB54FB9BD209AD2F7A03E6D4 /* SearchViewModelTests.swift in Sources */,
				3C72E5A510580466DA7D6701 /* SharedDataManagerTests.swift in Sources */,
				C56D1A745685B3B2C2F647C6 /* SpacingTests.swift in Sources */,
				C22B5A483F07BD23C3E5FCE8 /* SyncServiceTests.swift in Sources */,
				2047E4EFF6DEE16C5C918168 /* TagRepositoryTests.swift in Sources */,
				394C04342086169BE5F88C2F /* TypographyTests.swift in Sources */,
				18EBA37DC442DCF0B26FB210 /* UIComponentTests.swift in Sources */,
			);
			runOnlyForDeploymentPostprocessing = 0;
		};
		3859F542EDB723E250691952 /* Sources */ = {
			isa = PBXSourcesBuildPhase;
			buildActionMask = 2147483647;
			files = (
				EDF3F8A2FB9F7FAAD1566577 /* AppDelegate.swift in Sources */,
				06562C0449E24B52CC26DA06 /* Article.swift in Sources */,
				AF496B39DFC8253B5A33DD31 /* ArticleCardView.swift in Sources */,
				F5BE0ECDAAACF5B2E049067E /* ArticleMetaInfoView.swift in Sources */,
				700EBAE0A4FF2CEB48DAEC19 /* ArticleRepository.swift in Sources */,
				F342756FA9C74A480F5FE1C0 /* AuthViewModel.swift in Sources */,
				AD7F210489B58CDDA1A59D10 /* Category.swift in Sources */,
				B8F5BF293487C547F6118885 /* CategoryFilterBar.swift in Sources */,
				C9148B1EF186601AD82B2C2B /* CategoryRepository.swift in Sources */,
				05B83BAD8637E96BD57DF0DC /* CodeBlockView.swift in Sources */,
				70943084036581B7D2366FAD /* Color+Folio.swift in Sources */,
				EA40DF240CFD542AF3D3EEC8 /* CornerRadius.swift in Sources */,
				E9ED33DEEF39FFDD463B853F /* DTOMapping.swift in Sources */,
				E4A35B6BC54591B02708D023 /* DataManager.swift in Sources */,
				018799BBD8B0E6C059F8AAC1 /* Date+RelativeFormat.swift in Sources */,
				88244A394FF61FC79EB30654 /* EmptyStateView.swift in Sources */,
				2A57FC66DB63B4308B046B67 /* FTS5SearchManager.swift in Sources */,
				E2F1711128DB8E144C13A374 /* FlowLayout.swift in Sources */,
				B6ADB5796E64EF2F629B917F /* FolioApp.swift in Sources */,
				12E7039FF19AB72091BE5F9E /* FolioButton.swift in Sources */,
				A117B50DABEB97BBED1C50E0 /* HomeView.swift in Sources */,
				6E96D9DBA39C8E82A13DD5C6 /* HomeViewModel.swift in Sources */,
				CF0B21BA3EE08B5A7D5891E6 /* ImageView.swift in Sources */,
				F5B624B3C113D8905C2DF348 /* ImageViewerOverlay.swift in Sources */,
				0E95A317369F19B9F3EF4316 /* KeyChainManager.swift in Sources */,
				D6B335250D1CC0F6C6D04C89 /* MainTabView.swift in Sources */,
				E762FA0AF166288CB6B6F45B /* MarkdownRenderer.swift in Sources */,
				B298BE141564E450A16CB5FD /* MockDataFactory.swift in Sources */,
				F4A60D914B398D40E02A559F /* Models.swift in Sources */,
				9773A9A2C36B7C8F633B7A5A /* Network.swift in Sources */,
				B78BB948FAE128379413D974 /* OfflineQueueManager.swift in Sources */,
				D64452371814291D07013630 /* OnboardingPage.swift in Sources */,
				BB5886321294CC35D148A494 /* OnboardingView.swift in Sources */,
				B6277342ECA7718F9BF64446 /* PermissionView.swift in Sources */,
				F711DBC96F752E6A7156934B /* ReaderView.swift in Sources */,
				9FAA5E0EC9B2C935FBDEE951 /* ReaderViewModel.swift in Sources */,
				39DA0FA67B570EAE11E96675 /* ReadingFontFamily.swift in Sources */,
				BD3996738CC24C99C3B94BA0 /* ReadingPreferenceView.swift in Sources */,
				648FBAD05847A2B4EECD732F /* Repository.swift in Sources */,
				B9D385671912D45458154F8B /* SearchIndex.swift in Sources */,
				2B2FC8B74FA4FC831AFABE56 /* SearchResultRow.swift in Sources */,
				015725AEB3789BF062FCD1AD /* SearchViewModel.swift in Sources */,
				61F047BA87A4B8C7B5D7E1BF /* SettingsView.swift in Sources */,
				F69CFDB26E1EE62ABEF009E6 /* SharedDataManager.swift in Sources */,
				61E701A260228D4DF3C99A95 /* SignInView.swift in Sources */,
				19354F549EAB77483542F264 /* Spacing.swift in Sources */,
				62E807598BFBBC52B4C969C5 /* StatusBadge.swift in Sources */,
				C3BC5AB5CDA640F83463A44D /* SwiftDataStore.swift in Sources */,
				DF4E707DA562FA1AE4722F8D /* SyncService.swift in Sources */,
				86C97AE5DD0FE6C736226A7D /* TableView.swift in Sources */,
				435993C74DA5BD92F9356E23 /* Tag.swift in Sources */,
				67218B17609FBC25A8D75D5D /* TagChip.swift in Sources */,
				A6593D6CB77842B9EF6B6C89 /* TagFilterView.swift in Sources */,
				84767D2474A29139FAF55246 /* TagRepository.swift in Sources */,
				F340ECC4F9BFF6F5EA1B74EB /* ToastView.swift in Sources */,
				794E62241C62BBFC7882B0C3 /* Typography.swift in Sources */,
				6F61B75E532B1F84F5B2E6AB /* UseCases.swift in Sources */,
				40BB68E32A494A4587A3EA30 /* WebViewContainer.swift in Sources */,
			);
			runOnlyForDeploymentPostprocessing = 0;
		};
		C0AEB979E7A8EC396F7D3CA2 /* Sources */ = {
			isa = PBXSourcesBuildPhase;
			buildActionMask = 2147483647;
			files = (
				073D9155046C152B31925F92 /* Article.swift in Sources */,
				77D34BE4A927470C4161008D /* Category.swift in Sources */,
				15AEC919BFC574F863C3D0D0 /* Color+Folio.swift in Sources */,
				860A1F57BC5A89FA11024E6E /* CompactShareView.swift in Sources */,
				63AC4562353FCD588C5139C2 /* CornerRadius.swift in Sources */,
				B21C3B1391C44DA3DAD5C600 /* DataManager.swift in Sources */,
				C6FDC12B2471ECF8CEA42F8D /* FolioButton.swift in Sources */,
				CF6F826A3CBA993B2DBA6DED /* Models.swift in Sources */,
				B5B5BB7C1E320260DD4A3823 /* ReadingFontFamily.swift in Sources */,
				507FD0D0AACFBAF5160E8DA0 /* ShareViewController.swift in Sources */,
				C4A02918A0333DF425D313D2 /* SharedDataManager.swift in Sources */,
				1397296F66027078195997BA /* Spacing.swift in Sources */,
				B9F128C6B0D526006265A760 /* Tag.swift in Sources */,
				BDAFCBA9BC0BC6FECDB3E8F6 /* Typography.swift in Sources */,
			);
			runOnlyForDeploymentPostprocessing = 0;
		};
/* End PBXSourcesBuildPhase section */

/* Begin PBXTargetDependency section */
		7B06F47E15E8C0F577DB46D2 /* PBXTargetDependency */ = {
			isa = PBXTargetDependency;
			target = 04E14628581FD2303F7B4A04 /* ShareExtension */;
			targetProxy = BB69CA264721AA11C853651D /* PBXContainerItemProxy */;
		};
		820F63B6E4A2E77B25370426 /* PBXTargetDependency */ = {
			isa = PBXTargetDependency;
			target = 0C56AF64BE26DB444D566E60 /* Folio */;
			targetProxy = D3324344F318CB5AD9CFD593 /* PBXContainerItemProxy */;
		};
/* End PBXTargetDependency section */

/* Begin XCBuildConfiguration section */
		1F56EB963860C7169EDF99BD /* Release */ = {
			isa = XCBuildConfiguration;
			buildSettings = {
				ASSETCATALOG_COMPILER_APPICON_NAME = AppIcon;
				CODE_SIGN_ENTITLEMENTS = Folio/Folio.entitlements;
				CODE_SIGN_IDENTITY = "iPhone Developer";
				CURRENT_PROJECT_VERSION = 1;
				GENERATE_INFOPLIST_FILE = YES;
				INFOPLIST_FILE = Folio/Info.plist;
				LD_RUNPATH_SEARCH_PATHS = (
					"$(inherited)",
					"@executable_path/Frameworks",
				);
				MARKETING_VERSION = 1.0.0;
				PRODUCT_BUNDLE_IDENTIFIER = com.folio.app;
				SDKROOT = iphoneos;
				TARGETED_DEVICE_FAMILY = "1,2";
			};
			name = Release;
		};
		540D8DA95C79696F3A4D84D2 /* Debug */ = {
			isa = XCBuildConfiguration;
			buildSettings = {
				BUNDLE_LOADER = "$(TEST_HOST)";
				GENERATE_INFOPLIST_FILE = YES;
				LD_RUNPATH_SEARCH_PATHS = (
					"$(inherited)",
					"@executable_path/Frameworks",
					"@loader_path/Frameworks",
				);
				PRODUCT_BUNDLE_IDENTIFIER = com.folio.app.tests;
				SDKROOT = iphoneos;
				TARGETED_DEVICE_FAMILY = "1,2";
				TEST_HOST = "$(BUILT_PRODUCTS_DIR)/Folio.app/Folio";
			};
			name = Debug;
		};
		887BC2854F0D4F70EEB71653 /* Release */ = {
			isa = XCBuildConfiguration;
			buildSettings = {
				BUNDLE_LOADER = "$(TEST_HOST)";
				GENERATE_INFOPLIST_FILE = YES;
				LD_RUNPATH_SEARCH_PATHS = (
					"$(inherited)",
					"@executable_path/Frameworks",
					"@loader_path/Frameworks",
				);
				PRODUCT_BUNDLE_IDENTIFIER = com.folio.app.tests;
				SDKROOT = iphoneos;
				TARGETED_DEVICE_FAMILY = "1,2";
				TEST_HOST = "$(BUILT_PRODUCTS_DIR)/Folio.app/Folio";
			};
			name = Release;
		};
		D3B08A16EE8A1254AC557B5A /* Debug */ = {
			isa = XCBuildConfiguration;
			buildSettings = {
				ALWAYS_SEARCH_USER_PATHS = NO;
				CLANG_ANALYZER_NONNULL = YES;
				CLANG_ANALYZER_NUMBER_OBJECT_CONVERSION = YES_AGGRESSIVE;
				CLANG_CXX_LANGUAGE_STANDARD = "gnu++14";
				CLANG_CXX_LIBRARY = "libc++";
				CLANG_ENABLE_MODULES = YES;
				CLANG_ENABLE_OBJC_ARC = YES;
				CLANG_ENABLE_OBJC_WEAK = YES;
				CLANG_WARN_BLOCK_CAPTURE_AUTORELEASING = YES;
				CLANG_WARN_BOOL_CONVERSION = YES;
				CLANG_WARN_COMMA = YES;
				CLANG_WARN_CONSTANT_CONVERSION = YES;
				CLANG_WARN_DEPRECATED_OBJC_IMPLEMENTATIONS = YES;
				CLANG_WARN_DIRECT_OBJC_ISA_USAGE = YES_ERROR;
				CLANG_WARN_DOCUMENTATION_COMMENTS = YES;
				CLANG_WARN_EMPTY_BODY = YES;
				CLANG_WARN_ENUM_CONVERSION = YES;
				CLANG_WARN_INFINITE_RECURSION = YES;
				CLANG_WARN_INT_CONVERSION = YES;
				CLANG_WARN_NON_LITERAL_NULL_CONVERSION = YES;
				CLANG_WARN_OBJC_IMPLICIT_RETAIN_SELF = YES;
				CLANG_WARN_OBJC_LITERAL_CONVERSION = YES;
				CLANG_WARN_OBJC_ROOT_CLASS = YES_ERROR;
				CLANG_WARN_QUOTED_INCLUDE_IN_FRAMEWORK_HEADER = YES;
				CLANG_WARN_RANGE_LOOP_ANALYSIS = YES;
				CLANG_WARN_STRICT_PROTOTYPES = YES;
				CLANG_WARN_SUSPICIOUS_MOVE = YES;
				CLANG_WARN_UNGUARDED_AVAILABILITY = YES_AGGRESSIVE;
				CLANG_WARN_UNREACHABLE_CODE = YES;
				CLANG_WARN__DUPLICATE_METHOD_MATCH = YES;
				COPY_PHASE_STRIP = NO;
				DEBUG_INFORMATION_FORMAT = dwarf;
				DEVELOPMENT_TEAM = "";
				ENABLE_STRICT_OBJC_MSGSEND = YES;
				ENABLE_TESTABILITY = YES;
				GCC_C_LANGUAGE_STANDARD = gnu11;
				GCC_DYNAMIC_NO_PIC = NO;
				GCC_NO_COMMON_BLOCKS = YES;
				GCC_OPTIMIZATION_LEVEL = 0;
				GCC_PREPROCESSOR_DEFINITIONS = (
					"$(inherited)",
					"DEBUG=1",
				);
				GCC_WARN_64_TO_32_BIT_CONVERSION = YES;
				GCC_WARN_ABOUT_RETURN_TYPE = YES_ERROR;
				GCC_WARN_UNDECLARED_SELECTOR = YES;
				GCC_WARN_UNINITIALIZED_AUTOS = YES_AGGRESSIVE;
				GCC_WARN_UNUSED_FUNCTION = YES;
				GCC_WARN_UNUSED_VARIABLE = YES;
				IPHONEOS_DEPLOYMENT_TARGET = 17.0;
				MTL_ENABLE_DEBUG_INFO = INCLUDE_SOURCE;
				MTL_FAST_MATH = YES;
				ONLY_ACTIVE_ARCH = YES;
				PRODUCT_NAME = "$(TARGET_NAME)";
				SDKROOT = iphoneos;
				SWIFT_ACTIVE_COMPILATION_CONDITIONS = DEBUG;
				SWIFT_OPTIMIZATION_LEVEL = "-Onone";
				SWIFT_VERSION = 5.9;
			};
			name = Debug;
		};
		DA92BB9625393CF84A265C86 /* Debug */ = {
			isa = XCBuildConfiguration;
			buildSettings = {
				ASSETCATALOG_COMPILER_APPICON_NAME = AppIcon;
				CODE_SIGN_ENTITLEMENTS = Folio/Folio.entitlements;
				CODE_SIGN_IDENTITY = "iPhone Developer";
				CURRENT_PROJECT_VERSION = 1;
				GENERATE_INFOPLIST_FILE = YES;
				INFOPLIST_FILE = Folio/Info.plist;
				LD_RUNPATH_SEARCH_PATHS = (
					"$(inherited)",
					"@executable_path/Frameworks",
				);
				MARKETING_VERSION = 1.0.0;
				PRODUCT_BUNDLE_IDENTIFIER = com.folio.app;
				SDKROOT = iphoneos;
				TARGETED_DEVICE_FAMILY = "1,2";
			};
			name = Debug;
		};
		E6E4551EA8070940631B09A5 /* Release */ = {
			isa = XCBuildConfiguration;
			buildSettings = {
				CODE_SIGN_ENTITLEMENTS = ShareExtension/ShareExtension.entitlements;
				CURRENT_PROJECT_VERSION = 1;
				GENERATE_INFOPLIST_FILE = YES;
				INFOPLIST_FILE = ShareExtension/Info.plist;
				LD_RUNPATH_SEARCH_PATHS = (
					"$(inherited)",
					"@executable_path/Frameworks",
					"@executable_path/../../Frameworks",
				);
				MARKETING_VERSION = 1.0.0;
				PRODUCT_BUNDLE_IDENTIFIER = "com.folio.app.share-extension";
				SDKROOT = iphoneos;
				TARGETED_DEVICE_FAMILY = "1,2";
			};
			name = Release;
		};
		E8BDB5BE91E7E273FFFF319A /* Release */ = {
			isa = XCBuildConfiguration;
			buildSettings = {
				ALWAYS_SEARCH_USER_PATHS = NO;
				CLANG_ANALYZER_NONNULL = YES;
				CLANG_ANALYZER_NUMBER_OBJECT_CONVERSION = YES_AGGRESSIVE;
				CLANG_CXX_LANGUAGE_STANDARD = "gnu++14";
				CLANG_CXX_LIBRARY = "libc++";
				CLANG_ENABLE_MODULES = YES;
				CLANG_ENABLE_OBJC_ARC = YES;
				CLANG_ENABLE_OBJC_WEAK = YES;
				CLANG_WARN_BLOCK_CAPTURE_AUTORELEASING = YES;
				CLANG_WARN_BOOL_CONVERSION = YES;
				CLANG_WARN_COMMA = YES;
				CLANG_WARN_CONSTANT_CONVERSION = YES;
				CLANG_WARN_DEPRECATED_OBJC_IMPLEMENTATIONS = YES;
				CLANG_WARN_DIRECT_OBJC_ISA_USAGE = YES_ERROR;
				CLANG_WARN_DOCUMENTATION_COMMENTS = YES;
				CLANG_WARN_EMPTY_BODY = YES;
				CLANG_WARN_ENUM_CONVERSION = YES;
				CLANG_WARN_INFINITE_RECURSION = YES;
				CLANG_WARN_INT_CONVERSION = YES;
				CLANG_WARN_NON_LITERAL_NULL_CONVERSION = YES;
				CLANG_WARN_OBJC_IMPLICIT_RETAIN_SELF = YES;
				CLANG_WARN_OBJC_LITERAL_CONVERSION = YES;
				CLANG_WARN_OBJC_ROOT_CLASS = YES_ERROR;
				CLANG_WARN_QUOTED_INCLUDE_IN_FRAMEWORK_HEADER = YES;
				CLANG_WARN_RANGE_LOOP_ANALYSIS = YES;
				CLANG_WARN_STRICT_PROTOTYPES = YES;
				CLANG_WARN_SUSPICIOUS_MOVE = YES;
				CLANG_WARN_UNGUARDED_AVAILABILITY = YES_AGGRESSIVE;
				CLANG_WARN_UNREACHABLE_CODE = YES;
				CLANG_WARN__DUPLICATE_METHOD_MATCH = YES;
				COPY_PHASE_STRIP = NO;
				DEBUG_INFORMATION_FORMAT = "dwarf-with-dsym";
				DEVELOPMENT_TEAM = "";
				ENABLE_NS_ASSERTIONS = NO;
				ENABLE_STRICT_OBJC_MSGSEND = YES;
				GCC_C_LANGUAGE_STANDARD = gnu11;
				GCC_NO_COMMON_BLOCKS = YES;
				GCC_WARN_64_TO_32_BIT_CONVERSION = YES;
				GCC_WARN_ABOUT_RETURN_TYPE = YES_ERROR;
				GCC_WARN_UNDECLARED_SELECTOR = YES;
				GCC_WARN_UNINITIALIZED_AUTOS = YES_AGGRESSIVE;
				GCC_WARN_UNUSED_FUNCTION = YES;
				GCC_WARN_UNUSED_VARIABLE = YES;
				IPHONEOS_DEPLOYMENT_TARGET = 17.0;
				MTL_ENABLE_DEBUG_INFO = NO;
				MTL_FAST_MATH = YES;
				PRODUCT_NAME = "$(TARGET_NAME)";
				SDKROOT = iphoneos;
				SWIFT_COMPILATION_MODE = wholemodule;
				SWIFT_OPTIMIZATION_LEVEL = "-O";
				SWIFT_VERSION = 5.9;
			};
			name = Release;
		};
		F2A5FBCD91521D6C672A280B /* Debug */ = {
			isa = XCBuildConfiguration;
			buildSettings = {
				CODE_SIGN_ENTITLEMENTS = ShareExtension/ShareExtension.entitlements;
				CURRENT_PROJECT_VERSION = 1;
				GENERATE_INFOPLIST_FILE = YES;
				INFOPLIST_FILE = ShareExtension/Info.plist;
				LD_RUNPATH_SEARCH_PATHS = (
					"$(inherited)",
					"@executable_path/Frameworks",
					"@executable_path/../../Frameworks",
				);
				MARKETING_VERSION = 1.0.0;
				PRODUCT_BUNDLE_IDENTIFIER = "com.folio.app.share-extension";
				SDKROOT = iphoneos;
				TARGETED_DEVICE_FAMILY = "1,2";
			};
			name = Debug;
		};
/* End XCBuildConfiguration section */

/* Begin XCConfigurationList section */
		053AAE1D1B4F8AD6CAC8296F /* Build configuration list for PBXNativeTarget "Folio" */ = {
			isa = XCConfigurationList;
			buildConfigurations = (
				DA92BB9625393CF84A265C86 /* Debug */,
				1F56EB963860C7169EDF99BD /* Release */,
			);
			defaultConfigurationIsVisible = 0;
			defaultConfigurationName = Debug;
		};
		337CB635EA8B81A92F1BCDDC /* Build configuration list for PBXProject "Folio" */ = {
			isa = XCConfigurationList;
			buildConfigurations = (
				D3B08A16EE8A1254AC557B5A /* Debug */,
				E8BDB5BE91E7E273FFFF319A /* Release */,
			);
			defaultConfigurationIsVisible = 0;
			defaultConfigurationName = Debug;
		};
		6148A7A41F01290EBFC5B723 /* Build configuration list for PBXNativeTarget "ShareExtension" */ = {
			isa = XCConfigurationList;
			buildConfigurations = (
				F2A5FBCD91521D6C672A280B /* Debug */,
				E6E4551EA8070940631B09A5 /* Release */,
			);
			defaultConfigurationIsVisible = 0;
			defaultConfigurationName = Debug;
		};
		C86FAFAEDE7927D9F3DE4B94 /* Build configuration list for PBXNativeTarget "FolioTests" */ = {
			isa = XCConfigurationList;
			buildConfigurations = (
				540D8DA95C79696F3A4D84D2 /* Debug */,
				887BC2854F0D4F70EEB71653 /* Release */,
			);
			defaultConfigurationIsVisible = 0;
			defaultConfigurationName = Debug;
		};
/* End XCConfigurationList section */

/* Begin XCRemoteSwiftPackageReference section */
		77D46BD11000310CF0B2F2C2 /* XCRemoteSwiftPackageReference "KeychainAccess" */ = {
			isa = XCRemoteSwiftPackageReference;
			repositoryURL = "https://github.com/kishikawakatsumi/KeychainAccess.git";
			requirement = {
				kind = upToNextMajorVersion;
				minimumVersion = 4.2.2;
			};
		};
		8B7E462B10D352D04B049A72 /* XCRemoteSwiftPackageReference "swift-markdown" */ = {
			isa = XCRemoteSwiftPackageReference;
			repositoryURL = "https://github.com/apple/swift-markdown.git";
			requirement = {
				kind = upToNextMajorVersion;
				minimumVersion = 0.5.0;
			};
		};
		D32BB813ADFFD2837DA3196E /* XCRemoteSwiftPackageReference "Nuke" */ = {
			isa = XCRemoteSwiftPackageReference;
			repositoryURL = "https://github.com/kean/Nuke.git";
			requirement = {
				kind = upToNextMajorVersion;
				minimumVersion = 12.8.0;
			};
		};
/* End XCRemoteSwiftPackageReference section */

/* Begin XCSwiftPackageProductDependency section */
		6980B973DA26CCDC8F0DE1D4 /* Nuke */ = {
			isa = XCSwiftPackageProductDependency;
			package = D32BB813ADFFD2837DA3196E /* XCRemoteSwiftPackageReference "Nuke" */;
			productName = Nuke;
		};
		D1A09DA691F886B661C41C00 /* Markdown */ = {
			isa = XCSwiftPackageProductDependency;
			package = 8B7E462B10D352D04B049A72 /* XCRemoteSwiftPackageReference "swift-markdown" */;
			productName = Markdown;
		};
		D1AD63A300383F049533808C /* KeychainAccess */ = {
			isa = XCSwiftPackageProductDependency;
			package = 77D46BD11000310CF0B2F2C2 /* XCRemoteSwiftPackageReference "KeychainAccess" */;
			productName = KeychainAccess;
		};
		FD87CB5271A7E5119E665A37 /* NukeUI */ = {
			isa = XCSwiftPackageProductDependency;
			package = D32BB813ADFFD2837DA3196E /* XCRemoteSwiftPackageReference "Nuke" */;
			productName = NukeUI;
		};
/* End XCSwiftPackageProductDependency section */
	};
	rootObject = 383A8F7C70F35B855AA13D98 /* Project object */;
}
