// !$*UTF8*$!
{
	archiveVersion = 1;
	classes = {
	};
	objectVersion = 77;
	objects = {

/* Begin PBXBuildFile section */
		01ACC36208F6EB33FFCF0B0D /* CitationChip.swift in Sources */ = {isa = PBXBuildFile; fileRef = 7B92DCFBC5051FF19AB04261 /* CitationChip.swift */; };
		075E6A7A89F4A45F5400F2C3 /* FolioQuickSaveControl.swift in Sources */ = {isa = PBXBuildFile; fileRef = 67D2E39A2789C0DD15993A14 /* FolioQuickSaveControl.swift */; };
		0A657A6EADBBF45C430AB685 /* FolioMetrics.swift in Sources */ = {isa = PBXBuildFile; fileRef = 42B4D376CB93F8F7C6B2666A /* FolioMetrics.swift */; };
		0BBD213BAE8078332D873D07 /* InsufficientSuggestionRow.swift in Sources */ = {isa = PBXBuildFile; fileRef = D0A495C49C40D2CAC438559F /* InsufficientSuggestionRow.swift */; };
		1521B7079833546CD6672C00 /* FolioAvatar.swift in Sources */ = {isa = PBXBuildFile; fileRef = A617C417342D2909E1AA5C51 /* FolioAvatar.swift */; };
		1E8B10D0A7F7CBB2AEA05FCD /* InsightFeedbackView.swift in Sources */ = {isa = PBXBuildFile; fileRef = 6B4DA51878D22E4ADA992F23 /* InsightFeedbackView.swift */; };
		2D942EF761B5C3EC092206FD /* SettingsSectionLabel.swift in Sources */ = {isa = PBXBuildFile; fileRef = 40930C8BC9BB99570E71328A /* SettingsSectionLabel.swift */; };
		31693C7AC51A0AF962E5C279 /* LibrarySummaryLine.swift in Sources */ = {isa = PBXBuildFile; fileRef = 07C4D8EEF98C3F115AFEB1A3 /* LibrarySummaryLine.swift */; };
		35A59572874CF26500D15850 /* DemoTab.swift in Sources */ = {isa = PBXBuildFile; fileRef = 13D3ED667D7A928ADB902A2E /* DemoTab.swift */; };
		3868B58FD13C10B9825AC1D8 /* AskHomeView.swift in Sources */ = {isa = PBXBuildFile; fileRef = 68941E63750567EF2F39F53C /* AskHomeView.swift */; };
		38E074CB5C32A259FD4587A6 /* ArticleReadingMode.swift in Sources */ = {isa = PBXBuildFile; fileRef = E1023A5E106D95C726570911 /* ArticleReadingMode.swift */; };
		38F591A7F3FF59FA6EBE6489 /* DemoScreen.swift in Sources */ = {isa = PBXBuildFile; fileRef = 72EF37CC083158D8254DE44E /* DemoScreen.swift */; };
		44E4D7D0433EB50F9AC570D3 /* ArticleDetailView.swift in Sources */ = {isa = PBXBuildFile; fileRef = 37B3A210DE11AEA3445D530E /* ArticleDetailView.swift */; };
		45411AB5E71A8A28EDFD85D5 /* FolioBrandIcon.swift in Sources */ = {isa = PBXBuildFile; fileRef = C9BD3E2C4398EFDA579E12B7 /* FolioBrandIcon.swift */; };
		46A6DEB99455551D7EAFE286 /* ArticleDetailHeader.swift in Sources */ = {isa = PBXBuildFile; fileRef = 062E01A00D95C39F6B119F99 /* ArticleDetailHeader.swift */; };
		48FA506FD4E10BF54F09B6DF /* ShareSaveSuccessView.swift in Sources */ = {isa = PBXBuildFile; fileRef = 0EC9130F92DAE1B28D86A3B6 /* ShareSaveSuccessView.swift */; };
		5100D2B64141608606E031EE /* AskSourceRow.swift in Sources */ = {isa = PBXBuildFile; fileRef = EE3D1631831A8FAF2245D392 /* AskSourceRow.swift */; };
		523470E4DAA9727777C1E215 /* FolioBackButton.swift in Sources */ = {isa = PBXBuildFile; fileRef = 69B188CF9C638D0F490A21A2 /* FolioBackButton.swift */; };
		542ED5AFDE7548FD36636C90 /* EvidenceSheetView.swift in Sources */ = {isa = PBXBuildFile; fileRef = 3DD8674B3DC6420BE1D401A8 /* EvidenceSheetView.swift */; };
		5FED3F5B1B26E356DF0BBFBB /* DemoArticle.swift in Sources */ = {isa = PBXBuildFile; fileRef = 97D7552FCFEDADC35ED802CE /* DemoArticle.swift */; };
		74BD68F32835A472231DE4C2 /* NotoSerifSC-Variable.ttf in Resources */ = {isa = PBXBuildFile; fileRef = AA83E5AE93F97A08FBDA1D60 /* NotoSerifSC-Variable.ttf */; };
		76B2547FFF8E89E5D0614B09 /* FolioSectionTitle.swift in Sources */ = {isa = PBXBuildFile; fileRef = DFCCD9AA08825F3D78B7D9CB /* FolioSectionTitle.swift */; };
		792C0F2CA4A098E7C8FD3BAC /* DemoRootView.swift in Sources */ = {isa = PBXBuildFile; fileRef = 6F0A79F0882F88DC0DBD5F5B /* DemoRootView.swift */; };
		79FE04100C14859C60C12F32 /* FolioTabButton.swift in Sources */ = {isa = PBXBuildFile; fileRef = 09EE29ECF8BE74B8AD035740 /* FolioTabButton.swift */; };
		7BA7462B0539DB6969E91117 /* WelcomeView.swift in Sources */ = {isa = PBXBuildFile; fileRef = E813814AAB0EF9BA4DBACC56 /* WelcomeView.swift */; };
		7CA2792EBAD97CC059B4572C /* DemoTabShellView.swift in Sources */ = {isa = PBXBuildFile; fileRef = 6CEB33F016F08A731B3ABD6F /* DemoTabShellView.swift */; };
		7DDCCC79BF18A5AA293704D6 /* LibraryView.swift in Sources */ = {isa = PBXBuildFile; fileRef = B26F24707EB04E298A49A8BF /* LibraryView.swift */; };
		7E25EA1576C22A660918AD25 /* DemoNotice.swift in Sources */ = {isa = PBXBuildFile; fileRef = E923590A86B5031D904DA5A9 /* DemoNotice.swift */; };
		8067A0EBAD24E35BA79651D9 /* FolioUIDemoApp.swift in Sources */ = {isa = PBXBuildFile; fileRef = C7AC7A41092F87888669BB8C /* FolioUIDemoApp.swift */; };
		864C84657EEBFF1BE1E48DEC /* DemoStore.swift in Sources */ = {isa = PBXBuildFile; fileRef = 8522D30D0A016DE371F84E2A /* DemoStore.swift */; };
		87626E6F30F09BC0289E9CFA /* FolioMotion.swift in Sources */ = {isa = PBXBuildFile; fileRef = DCF5A11113924CA08CF87F50 /* FolioMotion.swift */; };
		8C4F9EE96229490D9B757607 /* AskInsufficientView.swift in Sources */ = {isa = PBXBuildFile; fileRef = 6307351282276300CB005A8D /* AskInsufficientView.swift */; };
		8D934E9BDFB0B86D3B71FCCD /* FolioTabBar.swift in Sources */ = {isa = PBXBuildFile; fileRef = 452ACE519A57792C91F5C899 /* FolioTabBar.swift */; };
		8E4EB10B1576E49930B2B2FB /* LibraryFilter.swift in Sources */ = {isa = PBXBuildFile; fileRef = 20012797B7FC51CF80E524A8 /* LibraryFilter.swift */; };
		8EC8C84875AC9D7CB055CE3D /* InteractiveFlowTests.swift in Sources */ = {isa = PBXBuildFile; fileRef = 521D20A28F11822023C00278 /* InteractiveFlowTests.swift */; };
		93DE0F779B3AA4C0546DA1BD /* WelcomeLoginButtons.swift in Sources */ = {isa = PBXBuildFile; fileRef = D08E087BE59B8AF74DD9DA82 /* WelcomeLoginButtons.swift */; };
		A3172265A34277EB3AFA8ED0 /* AskAnswerView.swift in Sources */ = {isa = PBXBuildFile; fileRef = 8FD803C3EC268AA6B0674BFA /* AskAnswerView.swift */; };
		A72A15A91647519477E61717 /* ShareArticleCard.swift in Sources */ = {isa = PBXBuildFile; fileRef = 5993C54DEB522341C713621C /* ShareArticleCard.swift */; };
		A9E8098D43BBEA2F82E4861E /* DemoArticleStatus.swift in Sources */ = {isa = PBXBuildFile; fileRef = C016CD4F9DA68F4156EC3C6D /* DemoArticleStatus.swift */; };
		AA7476352ED35523FDB3467D /* DemoNavigationView.swift in Sources */ = {isa = PBXBuildFile; fileRef = 9B8AB3FCA67CB3FBD3EAF427 /* DemoNavigationView.swift */; };
		AB3D1184897E3696FEB8E425 /* InsightFeedbackButtonStyle.swift in Sources */ = {isa = PBXBuildFile; fileRef = 04F15C7EBF041F6FE5CE6FD3 /* InsightFeedbackButtonStyle.swift */; };
		AE6229A755E147ED7F310417 /* Assets.xcassets in Resources */ = {isa = PBXBuildFile; fileRef = FBCE09F9E7A8C57893EF69BD /* Assets.xcassets */; };
		AF3347152BE3CBD845A38E5D /* DemoContent.swift in Sources */ = {isa = PBXBuildFile; fileRef = 3105A14373EB56720A56A3FE /* DemoContent.swift */; };
		AFCBEC99BC1DFD0AE11A89BB /* FolioPressButtonStyle.swift in Sources */ = {isa = PBXBuildFile; fileRef = BE7CEC9C6641DBBADD6705B2 /* FolioPressButtonStyle.swift */; };
		B9B78A900458E89621F09473 /* DemoRoute.swift in Sources */ = {isa = PBXBuildFile; fileRef = 67AFFDF73C024EC1F48C2FF4 /* DemoRoute.swift */; };
		C1ECB7126F4DEE251FFB9492 /* ReaderView.swift in Sources */ = {isa = PBXBuildFile; fileRef = D87703472A48C68923C0AF30 /* ReaderView.swift */; };
		C5149B7E44ED647CA9AD9E56 /* SettingsRow.swift in Sources */ = {isa = PBXBuildFile; fileRef = 148F6644AE93EC066F22B6C2 /* SettingsRow.swift */; };
		C7C06025B109742CD13720BD /* SettingsStorageCard.swift in Sources */ = {isa = PBXBuildFile; fileRef = C6477CC780CC827DF9CD7B81 /* SettingsStorageCard.swift */; };
		C98DCF3591AA504DCED5542E /* InsightPointRow.swift in Sources */ = {isa = PBXBuildFile; fileRef = 0FE41A9B800FB96D170B5376 /* InsightPointRow.swift */; };
		CB47BE8E381C96F4F34891B9 /* SettingsCard.swift in Sources */ = {isa = PBXBuildFile; fileRef = 17D833C94EB6CF18B3E79846 /* SettingsCard.swift */; };
		CD302C0991143E830B983E34 /* InsightDetailView.swift in Sources */ = {isa = PBXBuildFile; fileRef = CF05E8AE7BF408402F5370FA /* InsightDetailView.swift */; };
		D55D24C7D09EC08EC4AB29C8 /* DemoEvidence.swift in Sources */ = {isa = PBXBuildFile; fileRef = BACD6DBEBA12A7549B3F132E /* DemoEvidence.swift */; };
		D726F22E6247A1A2E2055EFD /* FolioSegmentedControl.swift in Sources */ = {isa = PBXBuildFile; fileRef = CAD50E5D868F5CC4CAF03C51 /* FolioSegmentedControl.swift */; };
		DE838DC5124C2DCCACDAE711 /* NotoSerifSC-OFL.txt in Resources */ = {isa = PBXBuildFile; fileRef = 54A4583753FD005CA1877730 /* NotoSerifSC-OFL.txt */; };
		E96CFC5B4565B243728FFE0A /* LibraryStatusAccessory.swift in Sources */ = {isa = PBXBuildFile; fileRef = 72D54DE70E1C525ECC9AAB0C /* LibraryStatusAccessory.swift */; };
		E97AA16844F0CECD2583F7EB /* AskSuggestionButton.swift in Sources */ = {isa = PBXBuildFile; fileRef = 730DB8A139517FBB8FFFFEF9 /* AskSuggestionButton.swift */; };
		EB1E073FB9E1AF5101EE5EEB /* FolioTypography.swift in Sources */ = {isa = PBXBuildFile; fileRef = 57B2E2E393B632800CCC6203 /* FolioTypography.swift */; };
		ECF8955D1ECB23C0A976CF23 /* FolioInputBar.swift in Sources */ = {isa = PBXBuildFile; fileRef = C1958CA5B203C13CFC1D935D /* FolioInputBar.swift */; };
		F02FB4E163FCF02F72501D5B /* InsufficientEvidenceCard.swift in Sources */ = {isa = PBXBuildFile; fileRef = 45F1951FCDB185695D989D5C /* InsufficientEvidenceCard.swift */; };
		F6087133C4A5951D554F5D87 /* FolioFilterButton.swift in Sources */ = {isa = PBXBuildFile; fileRef = 8D8474676EDD9140BA013263 /* FolioFilterButton.swift */; };
		F61EEB65C927A58EBABE2B94 /* ReaderParagraph.swift in Sources */ = {isa = PBXBuildFile; fileRef = 62C1F02ACBCA94D84808A951 /* ReaderParagraph.swift */; };
		F6C8160C3EFD4F106F9A4777 /* SettingsView.swift in Sources */ = {isa = PBXBuildFile; fileRef = D5636359759297C270C770D7 /* SettingsView.swift */; };
		F7D36DFDEAB86D4D61BA9623 /* FolioPalette.swift in Sources */ = {isa = PBXBuildFile; fileRef = 3D999A62BA1FA3BEF45C8012 /* FolioPalette.swift */; };
		F7E6EC0D9289DACFF3CE7124 /* LibraryArticleRow.swift in Sources */ = {isa = PBXBuildFile; fileRef = 210318BE10E1697C9204917A /* LibraryArticleRow.swift */; };
		FD47244C6B8DD5686D15B194 /* SettingsProfileHeader.swift in Sources */ = {isa = PBXBuildFile; fileRef = C7F0C7C0FD7196A48DEE45ED /* SettingsProfileHeader.swift */; };
/* End PBXBuildFile section */

/* Begin PBXContainerItemProxy section */
		610D7CE6AC94BC6CAF404DE2 /* PBXContainerItemProxy */ = {
			isa = PBXContainerItemProxy;
			containerPortal = FC2D2A648B4A9E1970320DE8 /* Project object */;
			proxyType = 1;
			remoteGlobalIDString = 8D0D601E4D2A4243E559D531;
			remoteInfo = FolioUIDemo;
		};
/* End PBXContainerItemProxy section */

/* Begin PBXFileReference section */
		04F15C7EBF041F6FE5CE6FD3 /* InsightFeedbackButtonStyle.swift */ = {isa = PBXFileReference; lastKnownFileType = sourcecode.swift; path = InsightFeedbackButtonStyle.swift; sourceTree = "<group>"; };
		062E01A00D95C39F6B119F99 /* ArticleDetailHeader.swift */ = {isa = PBXFileReference; lastKnownFileType = sourcecode.swift; path = ArticleDetailHeader.swift; sourceTree = "<group>"; };
		07C4D8EEF98C3F115AFEB1A3 /* LibrarySummaryLine.swift */ = {isa = PBXFileReference; lastKnownFileType = sourcecode.swift; path = LibrarySummaryLine.swift; sourceTree = "<group>"; };
		09EE29ECF8BE74B8AD035740 /* FolioTabButton.swift */ = {isa = PBXFileReference; lastKnownFileType = sourcecode.swift; path = FolioTabButton.swift; sourceTree = "<group>"; };
		0EC9130F92DAE1B28D86A3B6 /* ShareSaveSuccessView.swift */ = {isa = PBXFileReference; lastKnownFileType = sourcecode.swift; path = ShareSaveSuccessView.swift; sourceTree = "<group>"; };
		0FE41A9B800FB96D170B5376 /* InsightPointRow.swift */ = {isa = PBXFileReference; lastKnownFileType = sourcecode.swift; path = InsightPointRow.swift; sourceTree = "<group>"; };
		13D3ED667D7A928ADB902A2E /* DemoTab.swift */ = {isa = PBXFileReference; lastKnownFileType = sourcecode.swift; path = DemoTab.swift; sourceTree = "<group>"; };
		148F6644AE93EC066F22B6C2 /* SettingsRow.swift */ = {isa = PBXFileReference; lastKnownFileType = sourcecode.swift; path = SettingsRow.swift; sourceTree = "<group>"; };
		17D833C94EB6CF18B3E79846 /* SettingsCard.swift */ = {isa = PBXFileReference; lastKnownFileType = sourcecode.swift; path = SettingsCard.swift; sourceTree = "<group>"; };
		20012797B7FC51CF80E524A8 /* LibraryFilter.swift */ = {isa = PBXFileReference; lastKnownFileType = sourcecode.swift; path = LibraryFilter.swift; sourceTree = "<group>"; };
		210318BE10E1697C9204917A /* LibraryArticleRow.swift */ = {isa = PBXFileReference; lastKnownFileType = sourcecode.swift; path = LibraryArticleRow.swift; sourceTree = "<group>"; };
		3105A14373EB56720A56A3FE /* DemoContent.swift */ = {isa = PBXFileReference; lastKnownFileType = sourcecode.swift; path = DemoContent.swift; sourceTree = "<group>"; };
		37B3A210DE11AEA3445D530E /* ArticleDetailView.swift */ = {isa = PBXFileReference; lastKnownFileType = sourcecode.swift; path = ArticleDetailView.swift; sourceTree = "<group>"; };
		3D999A62BA1FA3BEF45C8012 /* FolioPalette.swift */ = {isa = PBXFileReference; lastKnownFileType = sourcecode.swift; path = FolioPalette.swift; sourceTree = "<group>"; };
		3DD8674B3DC6420BE1D401A8 /* EvidenceSheetView.swift */ = {isa = PBXFileReference; lastKnownFileType = sourcecode.swift; path = EvidenceSheetView.swift; sourceTree = "<group>"; };
		40930C8BC9BB99570E71328A /* SettingsSectionLabel.swift */ = {isa = PBXFileReference; lastKnownFileType = sourcecode.swift; path = SettingsSectionLabel.swift; sourceTree = "<group>"; };
		42B4D376CB93F8F7C6B2666A /* FolioMetrics.swift */ = {isa = PBXFileReference; lastKnownFileType = sourcecode.swift; path = FolioMetrics.swift; sourceTree = "<group>"; };
		452ACE519A57792C91F5C899 /* FolioTabBar.swift */ = {isa = PBXFileReference; lastKnownFileType = sourcecode.swift; path = FolioTabBar.swift; sourceTree = "<group>"; };
		45F1951FCDB185695D989D5C /* InsufficientEvidenceCard.swift */ = {isa = PBXFileReference; lastKnownFileType = sourcecode.swift; path = InsufficientEvidenceCard.swift; sourceTree = "<group>"; };
		521D20A28F11822023C00278 /* InteractiveFlowTests.swift */ = {isa = PBXFileReference; lastKnownFileType = sourcecode.swift; path = InteractiveFlowTests.swift; sourceTree = "<group>"; };
		54A4583753FD005CA1877730 /* NotoSerifSC-OFL.txt */ = {isa = PBXFileReference; lastKnownFileType = text; path = "NotoSerifSC-OFL.txt"; sourceTree = "<group>"; };
		57B2E2E393B632800CCC6203 /* FolioTypography.swift */ = {isa = PBXFileReference; lastKnownFileType = sourcecode.swift; path = FolioTypography.swift; sourceTree = "<group>"; };
		5993C54DEB522341C713621C /* ShareArticleCard.swift */ = {isa = PBXFileReference; lastKnownFileType = sourcecode.swift; path = ShareArticleCard.swift; sourceTree = "<group>"; };
		62C1F02ACBCA94D84808A951 /* ReaderParagraph.swift */ = {isa = PBXFileReference; lastKnownFileType = sourcecode.swift; path = ReaderParagraph.swift; sourceTree = "<group>"; };
		6307351282276300CB005A8D /* AskInsufficientView.swift */ = {isa = PBXFileReference; lastKnownFileType = sourcecode.swift; path = AskInsufficientView.swift; sourceTree = "<group>"; };
		67AFFDF73C024EC1F48C2FF4 /* DemoRoute.swift */ = {isa = PBXFileReference; lastKnownFileType = sourcecode.swift; path = DemoRoute.swift; sourceTree = "<group>"; };
		67D2E39A2789C0DD15993A14 /* FolioQuickSaveControl.swift */ = {isa = PBXFileReference; lastKnownFileType = sourcecode.swift; path = FolioQuickSaveControl.swift; sourceTree = "<group>"; };
		68941E63750567EF2F39F53C /* AskHomeView.swift */ = {isa = PBXFileReference; lastKnownFileType = sourcecode.swift; path = AskHomeView.swift; sourceTree = "<group>"; };
		69B188CF9C638D0F490A21A2 /* FolioBackButton.swift */ = {isa = PBXFileReference; lastKnownFileType = sourcecode.swift; path = FolioBackButton.swift; sourceTree = "<group>"; };
		6B4DA51878D22E4ADA992F23 /* InsightFeedbackView.swift */ = {isa = PBXFileReference; lastKnownFileType = sourcecode.swift; path = InsightFeedbackView.swift; sourceTree = "<group>"; };
		6CEB33F016F08A731B3ABD6F /* DemoTabShellView.swift */ = {isa = PBXFileReference; lastKnownFileType = sourcecode.swift; path = DemoTabShellView.swift; sourceTree = "<group>"; };
		6F0A79F0882F88DC0DBD5F5B /* DemoRootView.swift */ = {isa = PBXFileReference; lastKnownFileType = sourcecode.swift; path = DemoRootView.swift; sourceTree = "<group>"; };
		72D54DE70E1C525ECC9AAB0C /* LibraryStatusAccessory.swift */ = {isa = PBXFileReference; lastKnownFileType = sourcecode.swift; path = LibraryStatusAccessory.swift; sourceTree = "<group>"; };
		72EF37CC083158D8254DE44E /* DemoScreen.swift */ = {isa = PBXFileReference; lastKnownFileType = sourcecode.swift; path = DemoScreen.swift; sourceTree = "<group>"; };
		730DB8A139517FBB8FFFFEF9 /* AskSuggestionButton.swift */ = {isa = PBXFileReference; lastKnownFileType = sourcecode.swift; path = AskSuggestionButton.swift; sourceTree = "<group>"; };
		7B92DCFBC5051FF19AB04261 /* CitationChip.swift */ = {isa = PBXFileReference; lastKnownFileType = sourcecode.swift; path = CitationChip.swift; sourceTree = "<group>"; };
		8522D30D0A016DE371F84E2A /* DemoStore.swift */ = {isa = PBXFileReference; lastKnownFileType = sourcecode.swift; path = DemoStore.swift; sourceTree = "<group>"; };
		8D8474676EDD9140BA013263 /* FolioFilterButton.swift */ = {isa = PBXFileReference; lastKnownFileType = sourcecode.swift; path = FolioFilterButton.swift; sourceTree = "<group>"; };
		8FD803C3EC268AA6B0674BFA /* AskAnswerView.swift */ = {isa = PBXFileReference; lastKnownFileType = sourcecode.swift; path = AskAnswerView.swift; sourceTree = "<group>"; };
		913AA6703EDC9F943030F6AD /* FolioUIDemo.app */ = {isa = PBXFileReference; includeInIndex = 0; lastKnownFileType = wrapper.application; path = FolioUIDemo.app; sourceTree = BUILT_PRODUCTS_DIR; };
		97D7552FCFEDADC35ED802CE /* DemoArticle.swift */ = {isa = PBXFileReference; lastKnownFileType = sourcecode.swift; path = DemoArticle.swift; sourceTree = "<group>"; };
		9B8AB3FCA67CB3FBD3EAF427 /* DemoNavigationView.swift */ = {isa = PBXFileReference; lastKnownFileType = sourcecode.swift; path = DemoNavigationView.swift; sourceTree = "<group>"; };
		A617C417342D2909E1AA5C51 /* FolioAvatar.swift */ = {isa = PBXFileReference; lastKnownFileType = sourcecode.swift; path = FolioAvatar.swift; sourceTree = "<group>"; };
		A8AD474C56967638848ABA2C /* FolioUIDemoUITests.xctest */ = {isa = PBXFileReference; includeInIndex = 0; lastKnownFileType = wrapper.cfbundle; path = FolioUIDemoUITests.xctest; sourceTree = BUILT_PRODUCTS_DIR; };
		AA83E5AE93F97A08FBDA1D60 /* NotoSerifSC-Variable.ttf */ = {isa = PBXFileReference; lastKnownFileType = file; path = "NotoSerifSC-Variable.ttf"; sourceTree = "<group>"; };
		B26F24707EB04E298A49A8BF /* LibraryView.swift */ = {isa = PBXFileReference; lastKnownFileType = sourcecode.swift; path = LibraryView.swift; sourceTree = "<group>"; };
		BACD6DBEBA12A7549B3F132E /* DemoEvidence.swift */ = {isa = PBXFileReference; lastKnownFileType = sourcecode.swift; path = DemoEvidence.swift; sourceTree = "<group>"; };
		BBA4B9774E44E73F58ADC038 /* Info.plist */ = {isa = PBXFileReference; lastKnownFileType = text.plist; path = Info.plist; sourceTree = "<group>"; };
		BE7CEC9C6641DBBADD6705B2 /* FolioPressButtonStyle.swift */ = {isa = PBXFileReference; lastKnownFileType = sourcecode.swift; path = FolioPressButtonStyle.swift; sourceTree = "<group>"; };
		C016CD4F9DA68F4156EC3C6D /* DemoArticleStatus.swift */ = {isa = PBXFileReference; lastKnownFileType = sourcecode.swift; path = DemoArticleStatus.swift; sourceTree = "<group>"; };
		C1958CA5B203C13CFC1D935D /* FolioInputBar.swift */ = {isa = PBXFileReference; lastKnownFileType = sourcecode.swift; path = FolioInputBar.swift; sourceTree = "<group>"; };
		C6477CC780CC827DF9CD7B81 /* SettingsStorageCard.swift */ = {isa = PBXFileReference; lastKnownFileType = sourcecode.swift; path = SettingsStorageCard.swift; sourceTree = "<group>"; };
		C7AC7A41092F87888669BB8C /* FolioUIDemoApp.swift */ = {isa = PBXFileReference; lastKnownFileType = sourcecode.swift; path = FolioUIDemoApp.swift; sourceTree = "<group>"; };
		C7F0C7C0FD7196A48DEE45ED /* SettingsProfileHeader.swift */ = {isa = PBXFileReference; lastKnownFileType = sourcecode.swift; path = SettingsProfileHeader.swift; sourceTree = "<group>"; };
		C9BD3E2C4398EFDA579E12B7 /* FolioBrandIcon.swift */ = {isa = PBXFileReference; lastKnownFileType = sourcecode.swift; path = FolioBrandIcon.swift; sourceTree = "<group>"; };
		CAD50E5D868F5CC4CAF03C51 /* FolioSegmentedControl.swift */ = {isa = PBXFileReference; lastKnownFileType = sourcecode.swift; path = FolioSegmentedControl.swift; sourceTree = "<group>"; };
		CF05E8AE7BF408402F5370FA /* InsightDetailView.swift */ = {isa = PBXFileReference; lastKnownFileType = sourcecode.swift; path = InsightDetailView.swift; sourceTree = "<group>"; };
		D08E087BE59B8AF74DD9DA82 /* WelcomeLoginButtons.swift */ = {isa = PBXFileReference; lastKnownFileType = sourcecode.swift; path = WelcomeLoginButtons.swift; sourceTree = "<group>"; };
		D0A495C49C40D2CAC438559F /* InsufficientSuggestionRow.swift */ = {isa = PBXFileReference; lastKnownFileType = sourcecode.swift; path = InsufficientSuggestionRow.swift; sourceTree = "<group>"; };
		D5636359759297C270C770D7 /* SettingsView.swift */ = {isa = PBXFileReference; lastKnownFileType = sourcecode.swift; path = SettingsView.swift; sourceTree = "<group>"; };
		D87703472A48C68923C0AF30 /* ReaderView.swift */ = {isa = PBXFileReference; lastKnownFileType = sourcecode.swift; path = ReaderView.swift; sourceTree = "<group>"; };
		DCF5A11113924CA08CF87F50 /* FolioMotion.swift */ = {isa = PBXFileReference; lastKnownFileType = sourcecode.swift; path = FolioMotion.swift; sourceTree = "<group>"; };
		DFCCD9AA08825F3D78B7D9CB /* FolioSectionTitle.swift */ = {isa = PBXFileReference; lastKnownFileType = sourcecode.swift; path = FolioSectionTitle.swift; sourceTree = "<group>"; };
		E1023A5E106D95C726570911 /* ArticleReadingMode.swift */ = {isa = PBXFileReference; lastKnownFileType = sourcecode.swift; path = ArticleReadingMode.swift; sourceTree = "<group>"; };
		E813814AAB0EF9BA4DBACC56 /* WelcomeView.swift */ = {isa = PBXFileReference; lastKnownFileType = sourcecode.swift; path = WelcomeView.swift; sourceTree = "<group>"; };
		E923590A86B5031D904DA5A9 /* DemoNotice.swift */ = {isa = PBXFileReference; lastKnownFileType = sourcecode.swift; path = DemoNotice.swift; sourceTree = "<group>"; };
		EE3D1631831A8FAF2245D392 /* AskSourceRow.swift */ = {isa = PBXFileReference; lastKnownFileType = sourcecode.swift; path = AskSourceRow.swift; sourceTree = "<group>"; };
		FBCE09F9E7A8C57893EF69BD /* Assets.xcassets */ = {isa = PBXFileReference; lastKnownFileType = folder.assetcatalog; path = Assets.xcassets; sourceTree = "<group>"; };
/* End PBXFileReference section */

/* Begin PBXGroup section */
		0476A735F82F41355FB0A7E1 /* Resources */ = {
			isa = PBXGroup;
			children = (
				FBCE09F9E7A8C57893EF69BD /* Assets.xcassets */,
				D20931E9E2ED879965C4B00A /* Fonts */,
				1B5F1A436D902D95F960C583 /* Licenses */,
			);
			path = Resources;
			sourceTree = "<group>";
		};
		17D4FD685753297C64ACD1B2 /* Insight */ = {
			isa = PBXGroup;
			children = (
				3DD8674B3DC6420BE1D401A8 /* EvidenceSheetView.swift */,
				CF05E8AE7BF408402F5370FA /* InsightDetailView.swift */,
				04F15C7EBF041F6FE5CE6FD3 /* InsightFeedbackButtonStyle.swift */,
				6B4DA51878D22E4ADA992F23 /* InsightFeedbackView.swift */,
				0FE41A9B800FB96D170B5376 /* InsightPointRow.swift */,
			);
			path = Insight;
			sourceTree = "<group>";
		};
		1B5F1A436D902D95F960C583 /* Licenses */ = {
			isa = PBXGroup;
			children = (
				54A4583753FD005CA1877730 /* NotoSerifSC-OFL.txt */,
			);
			path = Licenses;
			sourceTree = "<group>";
		};
		1ECB87DB51031F27DD2B34EB /* Components */ = {
			isa = PBXGroup;
			children = (
				A617C417342D2909E1AA5C51 /* FolioAvatar.swift */,
				69B188CF9C638D0F490A21A2 /* FolioBackButton.swift */,
				C9BD3E2C4398EFDA579E12B7 /* FolioBrandIcon.swift */,
				8D8474676EDD9140BA013263 /* FolioFilterButton.swift */,
				C1958CA5B203C13CFC1D935D /* FolioInputBar.swift */,
				BE7CEC9C6641DBBADD6705B2 /* FolioPressButtonStyle.swift */,
				67D2E39A2789C0DD15993A14 /* FolioQuickSaveControl.swift */,
				DFCCD9AA08825F3D78B7D9CB /* FolioSectionTitle.swift */,
				CAD50E5D868F5CC4CAF03C51 /* FolioSegmentedControl.swift */,
				452ACE519A57792C91F5C899 /* FolioTabBar.swift */,
				09EE29ECF8BE74B8AD035740 /* FolioTabButton.swift */,
			);
			path = Components;
			sourceTree = "<group>";
		};
		1ED7F58BBFB6DB48C9891FDB /* Share */ = {
			isa = PBXGroup;
			children = (
				5993C54DEB522341C713621C /* ShareArticleCard.swift */,
				0EC9130F92DAE1B28D86A3B6 /* ShareSaveSuccessView.swift */,
			);
			path = Share;
			sourceTree = "<group>";
		};
		46F505E28AD15599E85F29E4 /* App */ = {
			isa = PBXGroup;
			children = (
				9B8AB3FCA67CB3FBD3EAF427 /* DemoNavigationView.swift */,
				6F0A79F0882F88DC0DBD5F5B /* DemoRootView.swift */,
				67AFFDF73C024EC1F48C2FF4 /* DemoRoute.swift */,
				72EF37CC083158D8254DE44E /* DemoScreen.swift */,
				8522D30D0A016DE371F84E2A /* DemoStore.swift */,
				13D3ED667D7A928ADB902A2E /* DemoTab.swift */,
				6CEB33F016F08A731B3ABD6F /* DemoTabShellView.swift */,
				C7AC7A41092F87888669BB8C /* FolioUIDemoApp.swift */,
			);
			path = App;
			sourceTree = "<group>";
		};
		4936A29F68C04EBF42276E88 /* Reader */ = {
			isa = PBXGroup;
			children = (
				62C1F02ACBCA94D84808A951 /* ReaderParagraph.swift */,
				D87703472A48C68923C0AF30 /* ReaderView.swift */,
			);
			path = Reader;
			sourceTree = "<group>";
		};
		5427F83149C927C4E914215E /* FolioUIDemoUITests */ = {
			isa = PBXGroup;
			children = (
				521D20A28F11822023C00278 /* InteractiveFlowTests.swift */,
			);
			path = FolioUIDemoUITests;
			sourceTree = "<group>";
		};
		6033EF3A739F4C17F31D165F /* Library */ = {
			isa = PBXGroup;
			children = (
				210318BE10E1697C9204917A /* LibraryArticleRow.swift */,
				20012797B7FC51CF80E524A8 /* LibraryFilter.swift */,
				72D54DE70E1C525ECC9AAB0C /* LibraryStatusAccessory.swift */,
				07C4D8EEF98C3F115AFEB1A3 /* LibrarySummaryLine.swift */,
				B26F24707EB04E298A49A8BF /* LibraryView.swift */,
			);
			path = Library;
			sourceTree = "<group>";
		};
		9C62C71E80E76F68DEB388C7 /* DesignSystem */ = {
			isa = PBXGroup;
			children = (
				42B4D376CB93F8F7C6B2666A /* FolioMetrics.swift */,
				DCF5A11113924CA08CF87F50 /* FolioMotion.swift */,
				3D999A62BA1FA3BEF45C8012 /* FolioPalette.swift */,
				57B2E2E393B632800CCC6203 /* FolioTypography.swift */,
			);
			path = DesignSystem;
			sourceTree = "<group>";
		};
		A19285320AC20C7C7897B92C /* Settings */ = {
			isa = PBXGroup;
			children = (
				17D833C94EB6CF18B3E79846 /* SettingsCard.swift */,
				C7F0C7C0FD7196A48DEE45ED /* SettingsProfileHeader.swift */,
				148F6644AE93EC066F22B6C2 /* SettingsRow.swift */,
				40930C8BC9BB99570E71328A /* SettingsSectionLabel.swift */,
				C6477CC780CC827DF9CD7B81 /* SettingsStorageCard.swift */,
				D5636359759297C270C770D7 /* SettingsView.swift */,
			);
			path = Settings;
			sourceTree = "<group>";
		};
		AC4CDA98951FC81E57252C03 /* Welcome */ = {
			isa = PBXGroup;
			children = (
				D08E087BE59B8AF74DD9DA82 /* WelcomeLoginButtons.swift */,
				E813814AAB0EF9BA4DBACC56 /* WelcomeView.swift */,
			);
			path = Welcome;
			sourceTree = "<group>";
		};
		BE8277EEC1527FC6E7BA10A5 /* FolioUIDemo */ = {
			isa = PBXGroup;
			children = (
				BBA4B9774E44E73F58ADC038 /* Info.plist */,
				46F505E28AD15599E85F29E4 /* App */,
				1ECB87DB51031F27DD2B34EB /* Components */,
				9C62C71E80E76F68DEB388C7 /* DesignSystem */,
				E5BDB0E03F66C56D6FE8ECA2 /* Features */,
				C19BBCC39B266DE320039853 /* Models */,
				0476A735F82F41355FB0A7E1 /* Resources */,
			);
			path = FolioUIDemo;
			sourceTree = "<group>";
		};
		C19BBCC39B266DE320039853 /* Models */ = {
			isa = PBXGroup;
			children = (
				97D7552FCFEDADC35ED802CE /* DemoArticle.swift */,
				C016CD4F9DA68F4156EC3C6D /* DemoArticleStatus.swift */,
				3105A14373EB56720A56A3FE /* DemoContent.swift */,
				BACD6DBEBA12A7549B3F132E /* DemoEvidence.swift */,
				E923590A86B5031D904DA5A9 /* DemoNotice.swift */,
			);
			path = Models;
			sourceTree = "<group>";
		};
		CCD9D076B102A150AB470761 /* Article */ = {
			isa = PBXGroup;
			children = (
				062E01A00D95C39F6B119F99 /* ArticleDetailHeader.swift */,
				37B3A210DE11AEA3445D530E /* ArticleDetailView.swift */,
				E1023A5E106D95C726570911 /* ArticleReadingMode.swift */,
			);
			path = Article;
			sourceTree = "<group>";
		};
		D09BC5C7E30CB9A4A7166F4C /* Ask */ = {
			isa = PBXGroup;
			children = (
				8FD803C3EC268AA6B0674BFA /* AskAnswerView.swift */,
				68941E63750567EF2F39F53C /* AskHomeView.swift */,
				6307351282276300CB005A8D /* AskInsufficientView.swift */,
				EE3D1631831A8FAF2245D392 /* AskSourceRow.swift */,
				730DB8A139517FBB8FFFFEF9 /* AskSuggestionButton.swift */,
				7B92DCFBC5051FF19AB04261 /* CitationChip.swift */,
				45F1951FCDB185695D989D5C /* InsufficientEvidenceCard.swift */,
				D0A495C49C40D2CAC438559F /* InsufficientSuggestionRow.swift */,
			);
			path = Ask;
			sourceTree = "<group>";
		};
		D20931E9E2ED879965C4B00A /* Fonts */ = {
			isa = PBXGroup;
			children = (
				AA83E5AE93F97A08FBDA1D60 /* NotoSerifSC-Variable.ttf */,
			);
			path = Fonts;
			sourceTree = "<group>";
		};
		E3D10861114BC5AFADCF08EF = {
			isa = PBXGroup;
			children = (
				BE8277EEC1527FC6E7BA10A5 /* FolioUIDemo */,
				5427F83149C927C4E914215E /* FolioUIDemoUITests */,
				FF59DE8EC5CFF3CA1F805E6D /* Products */,
			);
			sourceTree = "<group>";
		};
		E5BDB0E03F66C56D6FE8ECA2 /* Features */ = {
			isa = PBXGroup;
			children = (
				CCD9D076B102A150AB470761 /* Article */,
				D09BC5C7E30CB9A4A7166F4C /* Ask */,
				17D4FD685753297C64ACD1B2 /* Insight */,
				6033EF3A739F4C17F31D165F /* Library */,
				4936A29F68C04EBF42276E88 /* Reader */,
				A19285320AC20C7C7897B92C /* Settings */,
				1ED7F58BBFB6DB48C9891FDB /* Share */,
				AC4CDA98951FC81E57252C03 /* Welcome */,
			);
			path = Features;
			sourceTree = "<group>";
		};
		FF59DE8EC5CFF3CA1F805E6D /* Products */ = {
			isa = PBXGroup;
			children = (
				913AA6703EDC9F943030F6AD /* FolioUIDemo.app */,
				A8AD474C56967638848ABA2C /* FolioUIDemoUITests.xctest */,
			);
			name = Products;
			sourceTree = "<group>";
		};
/* End PBXGroup section */

/* Begin PBXNativeTarget section */
		8D0D601E4D2A4243E559D531 /* FolioUIDemo */ = {
			isa = PBXNativeTarget;
			buildConfigurationList = D67E9068DB88FD9E72323B53 /* Build configuration list for PBXNativeTarget "FolioUIDemo" */;
			buildPhases = (
				D4ECCF48C660175241D104C0 /* Sources */,
				C58C689035B9F4516F029217 /* Resources */,
			);
			buildRules = (
			);
			dependencies = (
			);
			name = FolioUIDemo;
			packageProductDependencies = (
			);
			productName = FolioUIDemo;
			productReference = 913AA6703EDC9F943030F6AD /* FolioUIDemo.app */;
			productType = "com.apple.product-type.application";
		};
		EF245CB9F448287E91F42CB5 /* FolioUIDemoUITests */ = {
			isa = PBXNativeTarget;
			buildConfigurationList = 52F3F28045037BD6A8582389 /* Build configuration list for PBXNativeTarget "FolioUIDemoUITests" */;
			buildPhases = (
				867CEB86D6B2DABB505E8FAC /* Sources */,
			);
			buildRules = (
			);
			dependencies = (
				91EE8525B767848FAB27CC50 /* PBXTargetDependency */,
			);
			name = FolioUIDemoUITests;
			packageProductDependencies = (
			);
			productName = FolioUIDemoUITests;
			productReference = A8AD474C56967638848ABA2C /* FolioUIDemoUITests.xctest */;
			productType = "com.apple.product-type.bundle.ui-testing";
		};
/* End PBXNativeTarget section */

/* Begin PBXProject section */
		FC2D2A648B4A9E1970320DE8 /* Project object */ = {
			isa = PBXProject;
			attributes = {
				BuildIndependentTargetsInParallel = YES;
				LastUpgradeCheck = 2600;
				TargetAttributes = {
					EF245CB9F448287E91F42CB5 = {
						TestTargetID = 8D0D601E4D2A4243E559D531;
					};
				};
			};
			buildConfigurationList = D538031EF70992D7207A9FAB /* Build configuration list for PBXProject "FolioUIDemo" */;
			compatibilityVersion = "Xcode 14.0";
			developmentRegion = en;
			hasScannedForEncodings = 0;
			knownRegions = (
				Base,
				en,
			);
			mainGroup = E3D10861114BC5AFADCF08EF;
			minimizedProjectReferenceProxies = 1;
			preferredProjectObjectVersion = 77;
			projectDirPath = "";
			projectRoot = "";
			targets = (
				8D0D601E4D2A4243E559D531 /* FolioUIDemo */,
				EF245CB9F448287E91F42CB5 /* FolioUIDemoUITests */,
			);
		};
/* End PBXProject section */

/* Begin PBXResourcesBuildPhase section */
		C58C689035B9F4516F029217 /* Resources */ = {
			isa = PBXResourcesBuildPhase;
			buildActionMask = 2147483647;
			files = (
				AE6229A755E147ED7F310417 /* Assets.xcassets in Resources */,
				DE838DC5124C2DCCACDAE711 /* NotoSerifSC-OFL.txt in Resources */,
				74BD68F32835A472231DE4C2 /* NotoSerifSC-Variable.ttf in Resources */,
			);
			runOnlyForDeploymentPostprocessing = 0;
		};
/* End PBXResourcesBuildPhase section */

/* Begin PBXSourcesBuildPhase section */
		867CEB86D6B2DABB505E8FAC /* Sources */ = {
			isa = PBXSourcesBuildPhase;
			buildActionMask = 2147483647;
			files = (
				8EC8C84875AC9D7CB055CE3D /* InteractiveFlowTests.swift in Sources */,
			);
			runOnlyForDeploymentPostprocessing = 0;
		};
		D4ECCF48C660175241D104C0 /* Sources */ = {
			isa = PBXSourcesBuildPhase;
			buildActionMask = 2147483647;
			files = (
				46A6DEB99455551D7EAFE286 /* ArticleDetailHeader.swift in Sources */,
				44E4D7D0433EB50F9AC570D3 /* ArticleDetailView.swift in Sources */,
				38E074CB5C32A259FD4587A6 /* ArticleReadingMode.swift in Sources */,
				A3172265A34277EB3AFA8ED0 /* AskAnswerView.swift in Sources */,
				3868B58FD13C10B9825AC1D8 /* AskHomeView.swift in Sources */,
				8C4F9EE96229490D9B757607 /* AskInsufficientView.swift in Sources */,
				5100D2B64141608606E031EE /* AskSourceRow.swift in Sources */,
				E97AA16844F0CECD2583F7EB /* AskSuggestionButton.swift in Sources */,
				01ACC36208F6EB33FFCF0B0D /* CitationChip.swift in Sources */,
				5FED3F5B1B26E356DF0BBFBB /* DemoArticle.swift in Sources */,
				A9E8098D43BBEA2F82E4861E /* DemoArticleStatus.swift in Sources */,
				AF3347152BE3CBD845A38E5D /* DemoContent.swift in Sources */,
				D55D24C7D09EC08EC4AB29C8 /* DemoEvidence.swift in Sources */,
				AA7476352ED35523FDB3467D /* DemoNavigationView.swift in Sources */,
				7E25EA1576C22A660918AD25 /* DemoNotice.swift in Sources */,
				792C0F2CA4A098E7C8FD3BAC /* DemoRootView.swift in Sources */,
				B9B78A900458E89621F09473 /* DemoRoute.swift in Sources */,
				38F591A7F3FF59FA6EBE6489 /* DemoScreen.swift in Sources */,
				864C84657EEBFF1BE1E48DEC /* DemoStore.swift in Sources */,
				35A59572874CF26500D15850 /* DemoTab.swift in Sources */,
				7CA2792EBAD97CC059B4572C /* DemoTabShellView.swift in Sources */,
				542ED5AFDE7548FD36636C90 /* EvidenceSheetView.swift in Sources */,
				1521B7079833546CD6672C00 /* FolioAvatar.swift in Sources */,
				523470E4DAA9727777C1E215 /* FolioBackButton.swift in Sources */,
				45411AB5E71A8A28EDFD85D5 /* FolioBrandIcon.swift in Sources */,
				F6087133C4A5951D554F5D87 /* FolioFilterButton.swift in Sources */,
				ECF8955D1ECB23C0A976CF23 /* FolioInputBar.swift in Sources */,
				0A657A6EADBBF45C430AB685 /* FolioMetrics.swift in Sources */,
				87626E6F30F09BC0289E9CFA /* FolioMotion.swift in Sources */,
				F7D36DFDEAB86D4D61BA9623 /* FolioPalette.swift in Sources */,
				AFCBEC99BC1DFD0AE11A89BB /* FolioPressButtonStyle.swift in Sources */,
				075E6A7A89F4A45F5400F2C3 /* FolioQuickSaveControl.swift in Sources */,
				76B2547FFF8E89E5D0614B09 /* FolioSectionTitle.swift in Sources */,
				D726F22E6247A1A2E2055EFD /* FolioSegmentedControl.swift in Sources */,
				8D934E9BDFB0B86D3B71FCCD /* FolioTabBar.swift in Sources */,
				79FE04100C14859C60C12F32 /* FolioTabButton.swift in Sources */,
				EB1E073FB9E1AF5101EE5EEB /* FolioTypography.swift in Sources */,
				8067A0EBAD24E35BA79651D9 /* FolioUIDemoApp.swift in Sources */,
				CD302C0991143E830B983E34 /* InsightDetailView.swift in Sources */,
				AB3D1184897E3696FEB8E425 /* InsightFeedbackButtonStyle.swift in Sources */,
				1E8B10D0A7F7CBB2AEA05FCD /* InsightFeedbackView.swift in Sources */,
				C98DCF3591AA504DCED5542E /* InsightPointRow.swift in Sources */,
				F02FB4E163FCF02F72501D5B /* InsufficientEvidenceCard.swift in Sources */,
				0BBD213BAE8078332D873D07 /* InsufficientSuggestionRow.swift in Sources */,
				F7E6EC0D9289DACFF3CE7124 /* LibraryArticleRow.swift in Sources */,
				8E4EB10B1576E49930B2B2FB /* LibraryFilter.swift in Sources */,
				E96CFC5B4565B243728FFE0A /* LibraryStatusAccessory.swift in Sources */,
				31693C7AC51A0AF962E5C279 /* LibrarySummaryLine.swift in Sources */,
				7DDCCC79BF18A5AA293704D6 /* LibraryView.swift in Sources */,
				F61EEB65C927A58EBABE2B94 /* ReaderParagraph.swift in Sources */,
				C1ECB7126F4DEE251FFB9492 /* ReaderView.swift in Sources */,
				CB47BE8E381C96F4F34891B9 /* SettingsCard.swift in Sources */,
				FD47244C6B8DD5686D15B194 /* SettingsProfileHeader.swift in Sources */,
				C5149B7E44ED647CA9AD9E56 /* SettingsRow.swift in Sources */,
				2D942EF761B5C3EC092206FD /* SettingsSectionLabel.swift in Sources */,
				C7C06025B109742CD13720BD /* SettingsStorageCard.swift in Sources */,
				F6C8160C3EFD4F106F9A4777 /* SettingsView.swift in Sources */,
				A72A15A91647519477E61717 /* ShareArticleCard.swift in Sources */,
				48FA506FD4E10BF54F09B6DF /* ShareSaveSuccessView.swift in Sources */,
				93DE0F779B3AA4C0546DA1BD /* WelcomeLoginButtons.swift in Sources */,
				7BA7462B0539DB6969E91117 /* WelcomeView.swift in Sources */,
			);
			runOnlyForDeploymentPostprocessing = 0;
		};
/* End PBXSourcesBuildPhase section */

/* Begin PBXTargetDependency section */
		91EE8525B767848FAB27CC50 /* PBXTargetDependency */ = {
			isa = PBXTargetDependency;
			target = 8D0D601E4D2A4243E559D531 /* FolioUIDemo */;
			targetProxy = 610D7CE6AC94BC6CAF404DE2 /* PBXContainerItemProxy */;
		};
/* End PBXTargetDependency section */

/* Begin XCBuildConfiguration section */
		135A842C3772947BF83A9BC2 /* Debug */ = {
			isa = XCBuildConfiguration;
			buildSettings = {
				ALWAYS_SEARCH_USER_PATHS = NO;
				CLANG_ANALYZER_NONNULL = YES;
				CLANG_ANALYZER_NUMBER_OBJECT_CONVERSION = YES_AGGRESSIVE;
				CLANG_CXX_LANGUAGE_STANDARD = "gnu++14";
				CLANG_CXX_LIBRARY = "libc++";
				CLANG_ENABLE_MODULES = YES;
				CLANG_ENABLE_OBJC_ARC = YES;
				CLANG_ENABLE_OBJC_WEAK = YES;
				CLANG_WARN_BLOCK_CAPTURE_AUTORELEASING = YES;
				CLANG_WARN_BOOL_CONVERSION = YES;
				CLANG_WARN_COMMA = YES;
				CLANG_WARN_CONSTANT_CONVERSION = YES;
				CLANG_WARN_DEPRECATED_OBJC_IMPLEMENTATIONS = YES;
				CLANG_WARN_DIRECT_OBJC_ISA_USAGE = YES_ERROR;
				CLANG_WARN_DOCUMENTATION_COMMENTS = YES;
				CLANG_WARN_EMPTY_BODY = YES;
				CLANG_WARN_ENUM_CONVERSION = YES;
				CLANG_WARN_INFINITE_RECURSION = YES;
				CLANG_WARN_INT_CONVERSION = YES;
				CLANG_WARN_NON_LITERAL_NULL_CONVERSION = YES;
				CLANG_WARN_OBJC_IMPLICIT_RETAIN_SELF = YES;
				CLANG_WARN_OBJC_LITERAL_CONVERSION = YES;
				CLANG_WARN_OBJC_ROOT_CLASS = YES_ERROR;
				CLANG_WARN_QUOTED_INCLUDE_IN_FRAMEWORK_HEADER = YES;
				CLANG_WARN_RANGE_LOOP_ANALYSIS = YES;
				CLANG_WARN_STRICT_PROTOTYPES = YES;
				CLANG_WARN_SUSPICIOUS_MOVE = YES;
				CLANG_WARN_UNGUARDED_AVAILABILITY = YES_AGGRESSIVE;
				CLANG_WARN_UNREACHABLE_CODE = YES;
				CLANG_WARN__DUPLICATE_METHOD_MATCH = YES;
				COPY_PHASE_STRIP = NO;
				CURRENT_PROJECT_VERSION = 1;
				DEBUG_INFORMATION_FORMAT = dwarf;
				ENABLE_STRICT_OBJC_MSGSEND = YES;
				ENABLE_TESTABILITY = YES;
				GCC_C_LANGUAGE_STANDARD = gnu11;
				GCC_DYNAMIC_NO_PIC = NO;
				GCC_NO_COMMON_BLOCKS = YES;
				GCC_OPTIMIZATION_LEVEL = 0;
				GCC_PREPROCESSOR_DEFINITIONS = (
					"$(inherited)",
					"DEBUG=1",
				);
				GCC_WARN_64_TO_32_BIT_CONVERSION = YES;
				GCC_WARN_ABOUT_RETURN_TYPE = YES_ERROR;
				GCC_WARN_UNDECLARED_SELECTOR = YES;
				GCC_WARN_UNINITIALIZED_AUTOS = YES_AGGRESSIVE;
				GCC_WARN_UNUSED_FUNCTION = YES;
				GCC_WARN_UNUSED_VARIABLE = YES;
				IPHONEOS_DEPLOYMENT_TARGET = 26.0;
				MARKETING_VERSION = 1.0.0;
				MTL_ENABLE_DEBUG_INFO = INCLUDE_SOURCE;
				MTL_FAST_MATH = YES;
				ONLY_ACTIVE_ARCH = YES;
				PRODUCT_NAME = "$(TARGET_NAME)";
				SDKROOT = iphoneos;
				SWIFT_ACTIVE_COMPILATION_CONDITIONS = DEBUG;
				SWIFT_DEFAULT_ACTOR_ISOLATION = MainActor;
				SWIFT_OPTIMIZATION_LEVEL = "-Onone";
				SWIFT_STRICT_CONCURRENCY = complete;
				SWIFT_VERSION = 6.2;
			};
			name = Debug;
		};
		18E0E48B3D63A4F05E779192 /* Debug */ = {
			isa = XCBuildConfiguration;
			buildSettings = {
				ASSETCATALOG_COMPILER_APPICON_NAME = "";
				BUNDLE_LOADER = "$(TEST_HOST)";
				GENERATE_INFOPLIST_FILE = YES;
				LD_RUNPATH_SEARCH_PATHS = (
					"$(inherited)",
					"@executable_path/Frameworks",
					"@loader_path/Frameworks",
				);
				PRODUCT_BUNDLE_IDENTIFIER = com.folio.uidemo.uitests;
				SDKROOT = iphoneos;
				SWIFT_DEFAULT_ACTOR_ISOLATION = nonisolated;
				TARGETED_DEVICE_FAMILY = "1,2";
				TEST_TARGET_NAME = FolioUIDemo;
			};
			name = Debug;
		};
		57C058C3DF8DA4D2F42D661C /* Debug */ = {
			isa = XCBuildConfiguration;
			buildSettings = {
				ASSETCATALOG_COMPILER_APPICON_NAME = "";
				CODE_SIGN_IDENTITY = "iPhone Developer";
				GENERATE_INFOPLIST_FILE = NO;
				INFOPLIST_FILE = FolioUIDemo/Info.plist;
				LD_RUNPATH_SEARCH_PATHS = (
					"$(inherited)",
					"@executable_path/Frameworks",
				);
				PRODUCT_BUNDLE_IDENTIFIER = com.folio.uidemo;
				PRODUCT_NAME = FolioUIDemo;
				SDKROOT = iphoneos;
				TARGETED_DEVICE_FAMILY = 1;
			};
			name = Debug;
		};
		621685F7E39358FEE2E640FE /* Release */ = {
			isa = XCBuildConfiguration;
			buildSettings = {
				ASSETCATALOG_COMPILER_APPICON_NAME = "";
				CODE_SIGN_IDENTITY = "iPhone Developer";
				GENERATE_INFOPLIST_FILE = NO;
				INFOPLIST_FILE = FolioUIDemo/Info.plist;
				LD_RUNPATH_SEARCH_PATHS = (
					"$(inherited)",
					"@executable_path/Frameworks",
				);
				PRODUCT_BUNDLE_IDENTIFIER = com.folio.uidemo;
				PRODUCT_NAME = FolioUIDemo;
				SDKROOT = iphoneos;
				TARGETED_DEVICE_FAMILY = 1;
			};
			name = Release;
		};
		811DA37C3DB8CD160223C8CB /* Release */ = {
			isa = XCBuildConfiguration;
			buildSettings = {
				ASSETCATALOG_COMPILER_APPICON_NAME = "";
				BUNDLE_LOADER = "$(TEST_HOST)";
				GENERATE_INFOPLIST_FILE = YES;
				LD_RUNPATH_SEARCH_PATHS = (
					"$(inherited)",
					"@executable_path/Frameworks",
					"@loader_path/Frameworks",
				);
				PRODUCT_BUNDLE_IDENTIFIER = com.folio.uidemo.uitests;
				SDKROOT = iphoneos;
				SWIFT_DEFAULT_ACTOR_ISOLATION = nonisolated;
				TARGETED_DEVICE_FAMILY = "1,2";
				TEST_TARGET_NAME = FolioUIDemo;
			};
			name = Release;
		};
		F2042F277EDA0968985F9AA8 /* Release */ = {
			isa = XCBuildConfiguration;
			buildSettings = {
				ALWAYS_SEARCH_USER_PATHS = NO;
				CLANG_ANALYZER_NONNULL = YES;
				CLANG_ANALYZER_NUMBER_OBJECT_CONVERSION = YES_AGGRESSIVE;
				CLANG_CXX_LANGUAGE_STANDARD = "gnu++14";
				CLANG_CXX_LIBRARY = "libc++";
				CLANG_ENABLE_MODULES = YES;
				CLANG_ENABLE_OBJC_ARC = YES;
				CLANG_ENABLE_OBJC_WEAK = YES;
				CLANG_WARN_BLOCK_CAPTURE_AUTORELEASING = YES;
				CLANG_WARN_BOOL_CONVERSION = YES;
				CLANG_WARN_COMMA = YES;
				CLANG_WARN_CONSTANT_CONVERSION = YES;
				CLANG_WARN_DEPRECATED_OBJC_IMPLEMENTATIONS = YES;
				CLANG_WARN_DIRECT_OBJC_ISA_USAGE = YES_ERROR;
				CLANG_WARN_DOCUMENTATION_COMMENTS = YES;
				CLANG_WARN_EMPTY_BODY = YES;
				CLANG_WARN_ENUM_CONVERSION = YES;
				CLANG_WARN_INFINITE_RECURSION = YES;
				CLANG_WARN_INT_CONVERSION = YES;
				CLANG_WARN_NON_LITERAL_NULL_CONVERSION = YES;
				CLANG_WARN_OBJC_IMPLICIT_RETAIN_SELF = YES;
				CLANG_WARN_OBJC_LITERAL_CONVERSION = YES;
				CLANG_WARN_OBJC_ROOT_CLASS = YES_ERROR;
				CLANG_WARN_QUOTED_INCLUDE_IN_FRAMEWORK_HEADER = YES;
				CLANG_WARN_RANGE_LOOP_ANALYSIS = YES;
				CLANG_WARN_STRICT_PROTOTYPES = YES;
				CLANG_WARN_SUSPICIOUS_MOVE = YES;
				CLANG_WARN_UNGUARDED_AVAILABILITY = YES_AGGRESSIVE;
				CLANG_WARN_UNREACHABLE_CODE = YES;
				CLANG_WARN__DUPLICATE_METHOD_MATCH = YES;
				COPY_PHASE_STRIP = NO;
				CURRENT_PROJECT_VERSION = 1;
				DEBUG_INFORMATION_FORMAT = "dwarf-with-dsym";
				ENABLE_NS_ASSERTIONS = NO;
				ENABLE_STRICT_OBJC_MSGSEND = YES;
				GCC_C_LANGUAGE_STANDARD = gnu11;
				GCC_NO_COMMON_BLOCKS = YES;
				GCC_WARN_64_TO_32_BIT_CONVERSION = YES;
				GCC_WARN_ABOUT_RETURN_TYPE = YES_ERROR;
				GCC_WARN_UNDECLARED_SELECTOR = YES;
				GCC_WARN_UNINITIALIZED_AUTOS = YES_AGGRESSIVE;
				GCC_WARN_UNUSED_FUNCTION = YES;
				GCC_WARN_UNUSED_VARIABLE = YES;
				IPHONEOS_DEPLOYMENT_TARGET = 26.0;
				MARKETING_VERSION = 1.0.0;
				MTL_ENABLE_DEBUG_INFO = NO;
				MTL_FAST_MATH = YES;
				PRODUCT_NAME = "$(TARGET_NAME)";
				SDKROOT = iphoneos;
				SWIFT_COMPILATION_MODE = wholemodule;
				SWIFT_DEFAULT_ACTOR_ISOLATION = MainActor;
				SWIFT_OPTIMIZATION_LEVEL = "-O";
				SWIFT_STRICT_CONCURRENCY = complete;
				SWIFT_VERSION = 6.2;
			};
			name = Release;
		};
/* End XCBuildConfiguration section */

/* Begin XCConfigurationList section */
		52F3F28045037BD6A8582389 /* Build configuration list for PBXNativeTarget "FolioUIDemoUITests" */ = {
			isa = XCConfigurationList;
			buildConfigurations = (
				18E0E48B3D63A4F05E779192 /* Debug */,
				811DA37C3DB8CD160223C8CB /* Release */,
			);
			defaultConfigurationIsVisible = 0;
			defaultConfigurationName = Debug;
		};
		D538031EF70992D7207A9FAB /* Build configuration list for PBXProject "FolioUIDemo" */ = {
			isa = XCConfigurationList;
			buildConfigurations = (
				135A842C3772947BF83A9BC2 /* Debug */,
				F2042F277EDA0968985F9AA8 /* Release */,
			);
			defaultConfigurationIsVisible = 0;
			defaultConfigurationName = Debug;
		};
		D67E9068DB88FD9E72323B53 /* Build configuration list for PBXNativeTarget "FolioUIDemo" */ = {
			isa = XCConfigurationList;
			buildConfigurations = (
				57C058C3DF8DA4D2F42D661C /* Debug */,
				621685F7E39358FEE2E640FE /* Release */,
			);
			defaultConfigurationIsVisible = 0;
			defaultConfigurationName = Debug;
		};
/* End XCConfigurationList section */
	};
	rootObject = FC2D2A648B4A9E1970320DE8 /* Project object */;
}
